// !$*UTF8*$!
{
	archiveVersion = 1;
	classes = {
	};
	objectVersion = 46;
	objects = {

/* Begin PBXBuildFile section */
		499CFE028D3BF0C1246AAF42 /* Pods_OfficerBumbleTests.framework in Frameworks */ = {isa = PBXBuildFile; fileRef = C175DD5F5CF4D85D1407F25F /* Pods_OfficerBumbleTests.framework */; };
		B8FA19B6B760C29C71797863 /* Pods_OfficerBumble.framework in Frameworks */ = {isa = PBXBuildFile; fileRef = 7E4D062A8A9BE71ADD868EED /* Pods_OfficerBumble.framework */; };
		EA023B661A75AA8B00534F1A /* Default-568h@2x.png in Resources */ = {isa = PBXBuildFile; fileRef = EA023B651A75AA8B00534F1A /* Default-568h@2x.png */; };
		EA023B681A75AA9500534F1A /* Default-Landscape@2x~ipad.png in Resources */ = {isa = PBXBuildFile; fileRef = EA023B671A75AA9500534F1A /* Default-Landscape@2x~ipad.png */; };
		EA023B6A1A75AA9F00534F1A /* Default-Landscape~ipad.png in Resources */ = {isa = PBXBuildFile; fileRef = EA023B691A75AA9F00534F1A /* Default-Landscape~ipad.png */; };
		EA023B6C1A75AAA900534F1A /* Default@2x.png in Resources */ = {isa = PBXBuildFile; fileRef = EA023B6B1A75AAA900534F1A /* Default@2x.png */; };
		EA0485641A5E2DC1004A8BDF /* casino.atlas in Resources */ = {isa = PBXBuildFile; fileRef = EA0485631A5E2DC1004A8BDF /* casino.atlas */; };
		EA0485661A5E2E1A004A8BDF /* threewide.xml in Resources */ = {isa = PBXBuildFile; fileRef = EA0485651A5E2E1A004A8BDF /* threewide.xml */; };
		EA0C3EB01A786710001DCDBF /* tornado.atlas in Resources */ = {isa = PBXBuildFile; fileRef = EA0C3EAF1A786710001DCDBF /* tornado.atlas */; };
		EA0DEB251A43B81E009B1918 /* Pie.swift in Sources */ = {isa = PBXBuildFile; fileRef = EA0DEB241A43B81E009B1918 /* Pie.swift */; };
		EA0DEB271A43BD96009B1918 /* bumble2.atlas in Resources */ = {isa = PBXBuildFile; fileRef = EA0DEB261A43BD96009B1918 /* bumble2.atlas */; };
		EA0F79051A7FADDF00D51F3B /* Difficulty.swift in Sources */ = {isa = PBXBuildFile; fileRef = EA0F79041A7FADDF00D51F3B /* Difficulty.swift */; };
		EA0F79081A7FB18C00D51F3B /* Easy.swift in Sources */ = {isa = PBXBuildFile; fileRef = EA0F79071A7FB18C00D51F3B /* Easy.swift */; };
		EA0F790A1A7FBC9E00D51F3B /* Normal.swift in Sources */ = {isa = PBXBuildFile; fileRef = EA0F79091A7FBC9E00D51F3B /* Normal.swift */; };
		EA0F790C1A7FBF0E00D51F3B /* Hard.swift in Sources */ = {isa = PBXBuildFile; fileRef = EA0F790B1A7FBF0E00D51F3B /* Hard.swift */; };
		EA0F790E1A7FC0C200D51F3B /* Hardcore.swift in Sources */ = {isa = PBXBuildFile; fileRef = EA0F790D1A7FC0C200D51F3B /* Hardcore.swift */; };
		EA0FFAB31A91253800856AC2 /* LeaderboardData.swift in Sources */ = {isa = PBXBuildFile; fileRef = EA0FFAB21A91253800856AC2 /* LeaderboardData.swift */; };
		EA0FFAB51A912B9A00856AC2 /* LeaderboardServices.swift in Sources */ = {isa = PBXBuildFile; fileRef = EA0FFAB41A912B9A00856AC2 /* LeaderboardServices.swift */; };
		EA0FFAB71A912C0000856AC2 /* GameSharedPreferences.swift in Sources */ = {isa = PBXBuildFile; fileRef = EA0FFAB61A912C0000856AC2 /* GameSharedPreferences.swift */; };
		EA1099381A80FB5700563D84 /* GameStateManager.swift in Sources */ = {isa = PBXBuildFile; fileRef = EA1099371A80FB5700563D84 /* GameStateManager.swift */; };
		EA12AF071A8308CC0038DAE4 /* GameOverScreen.swift in Sources */ = {isa = PBXBuildFile; fileRef = EA12AF061A8308CC0038DAE4 /* GameOverScreen.swift */; };
		EA12AF091A8309FB0038DAE4 /* gameoverscreen.xml in Resources */ = {isa = PBXBuildFile; fileRef = EA12AF081A8309FB0038DAE4 /* gameoverscreen.xml */; };
		EA12AF0B1A830C830038DAE4 /* chiefsoffice.png in Resources */ = {isa = PBXBuildFile; fileRef = EA12AF0A1A830C830038DAE4 /* chiefsoffice.png */; };
		EA12AF181A8316560038DAE4 /* tools2.atlas in Resources */ = {isa = PBXBuildFile; fileRef = EA12AF171A8316560038DAE4 /* tools2.atlas */; };
		EA1710F61A8DACCC0078602A /* nextbadge.xml in Resources */ = {isa = PBXBuildFile; fileRef = EA1710F51A8DACCC0078602A /* nextbadge.xml */; };
		EA1710F81A8DAD0C0078602A /* NextBadgeScreen.swift in Sources */ = {isa = PBXBuildFile; fileRef = EA1710F71A8DAD0C0078602A /* NextBadgeScreen.swift */; };
		EA1710FA1A8E2D660078602A /* badgeawarded.xml in Resources */ = {isa = PBXBuildFile; fileRef = EA1710F91A8E2D660078602A /* badgeawarded.xml */; };
		EA17CE7C1A4054A200F93BE8 /* splat.wav in Resources */ = {isa = PBXBuildFile; fileRef = EA17CE7B1A4054A200F93BE8 /* splat.wav */; };
		EA17CE8F1A4054CD00F93BE8 /* bowling.wav in Resources */ = {isa = PBXBuildFile; fileRef = EA17CE7D1A4054CD00F93BE8 /* bowling.wav */; };
		EA17CE901A4054CD00F93BE8 /* chicken.wav in Resources */ = {isa = PBXBuildFile; fileRef = EA17CE7E1A4054CD00F93BE8 /* chicken.wav */; };
		EA17CE911A4054CD00F93BE8 /* criminalescape.wav in Resources */ = {isa = PBXBuildFile; fileRef = EA17CE7F1A4054CD00F93BE8 /* criminalescape.wav */; };
		EA17CE921A4054CD00F93BE8 /* duck.wav in Resources */ = {isa = PBXBuildFile; fileRef = EA17CE801A4054CD00F93BE8 /* duck.wav */; };
		EA17CE931A4054CD00F93BE8 /* escalator.wav in Resources */ = {isa = PBXBuildFile; fileRef = EA17CE811A4054CD00F93BE8 /* escalator.wav */; };
		EA17CE941A4054CD00F93BE8 /* failure.wav in Resources */ = {isa = PBXBuildFile; fileRef = EA17CE821A4054CD00F93BE8 /* failure.wav */; };
		EA17CE951A4054CD00F93BE8 /* freeman.wav in Resources */ = {isa = PBXBuildFile; fileRef = EA17CE831A4054CD00F93BE8 /* freeman.wav */; };
		EA17CE961A4054CD00F93BE8 /* headshake.wav in Resources */ = {isa = PBXBuildFile; fileRef = EA17CE841A4054CD00F93BE8 /* headshake.wav */; };
		EA17CE971A4054CD00F93BE8 /* heist.mp3 in Resources */ = {isa = PBXBuildFile; fileRef = EA17CE851A4054CD00F93BE8 /* heist.mp3 */; };
		EA17CE981A4054CD00F93BE8 /* jump.wav in Resources */ = {isa = PBXBuildFile; fileRef = EA17CE861A4054CD00F93BE8 /* jump.wav */; };
		EA17CE991A4054CD00F93BE8 /* laugh.wav in Resources */ = {isa = PBXBuildFile; fileRef = EA17CE871A4054CD00F93BE8 /* laugh.wav */; };
		EA17CE9A1A4054CD00F93BE8 /* promotion.wav in Resources */ = {isa = PBXBuildFile; fileRef = EA17CE881A4054CD00F93BE8 /* promotion.wav */; };
		EA17CE9B1A4054CD00F93BE8 /* robotshoot.wav in Resources */ = {isa = PBXBuildFile; fileRef = EA17CE891A4054CD00F93BE8 /* robotshoot.wav */; };
		EA17CE9C1A4054CD00F93BE8 /* robotthrow.wav in Resources */ = {isa = PBXBuildFile; fileRef = EA17CE8A1A4054CD00F93BE8 /* robotthrow.wav */; };
		EA17CE9D1A4054CD00F93BE8 /* scramble.wav in Resources */ = {isa = PBXBuildFile; fileRef = EA17CE8B1A4054CD00F93BE8 /* scramble.wav */; };
		EA17CE9E1A4054CD00F93BE8 /* secondwind.wav in Resources */ = {isa = PBXBuildFile; fileRef = EA17CE8C1A4054CD00F93BE8 /* secondwind.wav */; };
		EA17CE9F1A4054CD00F93BE8 /* wink.wav in Resources */ = {isa = PBXBuildFile; fileRef = EA17CE8D1A4054CD00F93BE8 /* wink.wav */; };
		EA17CEA01A4054CD00F93BE8 /* yikes.wav in Resources */ = {isa = PBXBuildFile; fileRef = EA17CE8E1A4054CD00F93BE8 /* yikes.wav */; };
		EA17CEA21A405B8B00F93BE8 /* Enums.swift in Sources */ = {isa = PBXBuildFile; fileRef = EA17CEA11A405B8B00F93BE8 /* Enums.swift */; };
		EA1840B81A8A439C00D2E3EC /* nextlife.xml in Resources */ = {isa = PBXBuildFile; fileRef = EA1840B71A8A439C00D2E3EC /* nextlife.xml */; };
		EA1840BA1A8A43C600D2E3EC /* NextLifeScreen.swift in Sources */ = {isa = PBXBuildFile; fileRef = EA1840B91A8A43C600D2E3EC /* NextLifeScreen.swift */; };
		EA1A6B291A466BEF00AC7247 /* TypeExtensions.swift in Sources */ = {isa = PBXBuildFile; fileRef = EA1A6B281A466BEF00AC7247 /* TypeExtensions.swift */; };
		EA1C387E1A924F7400AE4D86 /* LeaderboardScreen.swift in Sources */ = {isa = PBXBuildFile; fileRef = EA1C387D1A924F7400AE4D86 /* LeaderboardScreen.swift */; };
		EA1C38801A92543600AE4D86 /* leaderboard.xml in Resources */ = {isa = PBXBuildFile; fileRef = EA1C387F1A92543600AE4D86 /* leaderboard.xml */; };
		EA1DDE711A23F11400D5557D /* Display.swift in Sources */ = {isa = PBXBuildFile; fileRef = EA1DDE701A23F11400D5557D /* Display.swift */; };
		EA1DDE731A2417E800D5557D /* DisplayTests.swift in Sources */ = {isa = PBXBuildFile; fileRef = EA1DDE721A2417E800D5557D /* DisplayTests.swift */; };
		EA1DDE751A242E4F00D5557D /* Margin.swift in Sources */ = {isa = PBXBuildFile; fileRef = EA1DDE741A242E4F00D5557D /* Margin.swift */; };
		EA1DDE771A24341900D5557D /* SceneLoader.swift in Sources */ = {isa = PBXBuildFile; fileRef = EA1DDE761A24341900D5557D /* SceneLoader.swift */; };
		EA1E65C81A7437BB008BC840 /* levelcommon.atlas in Resources */ = {isa = PBXBuildFile; fileRef = EA1E65C71A7437BB008BC840 /* levelcommon.atlas */; };
		EA1E65CA1A743C2A008BC840 /* Escalator.swift in Sources */ = {isa = PBXBuildFile; fileRef = EA1E65C91A743C2A008BC840 /* Escalator.swift */; };
		EA2743111AA0A418007D2021 /* museum.xml in Resources */ = {isa = PBXBuildFile; fileRef = EA2743101AA0A418007D2021 /* museum.xml */; };
		EA2743131AA0A447007D2021 /* bank.xml in Resources */ = {isa = PBXBuildFile; fileRef = EA2743121AA0A447007D2021 /* bank.xml */; };
		EA2743151AA0AE0B007D2021 /* museum.atlas in Resources */ = {isa = PBXBuildFile; fileRef = EA2743141AA0AE0B007D2021 /* museum.atlas */; };
		EA2743171AA0B224007D2021 /* bank.atlas in Resources */ = {isa = PBXBuildFile; fileRef = EA2743161AA0B224007D2021 /* bank.atlas */; };
		EA3234E81A75C13D00745D63 /* HUDManager.swift in Sources */ = {isa = PBXBuildFile; fileRef = EA3234E71A75C13D00745D63 /* HUDManager.swift */; };
		EA334EDD1A3B18F000E4D7E6 /* bumble1.atlas in Resources */ = {isa = PBXBuildFile; fileRef = EA334EDC1A3B18F000E4D7E6 /* bumble1.atlas */; };
		EA334EDF1A3B190400E4D7E6 /* criminal1.atlas in Resources */ = {isa = PBXBuildFile; fileRef = EA334EDE1A3B190400E4D7E6 /* criminal1.atlas */; };
		EA334EE11A3B195900E4D7E6 /* Bumble.swift in Sources */ = {isa = PBXBuildFile; fileRef = EA334EE01A3B195900E4D7E6 /* Bumble.swift */; };
		EA334EE31A3B1BD000E4D7E6 /* Robothrower2000.swift in Sources */ = {isa = PBXBuildFile; fileRef = EA334EE21A3B1BD000E4D7E6 /* Robothrower2000.swift */; };
		EA3392A11A2001E500A54F77 /* title.png in Resources */ = {isa = PBXBuildFile; fileRef = EA3392A01A2001E500A54F77 /* title.png */; };
		EA3392A41A22B57800A54F77 /* SplashScreen.swift in Sources */ = {isa = PBXBuildFile; fileRef = EA3392A31A22B57800A54F77 /* SplashScreen.swift */; };
		EA3392A61A22C16E00A54F77 /* companylogo.png in Resources */ = {isa = PBXBuildFile; fileRef = EA3392A51A22C16E00A54F77 /* companylogo.png */; };
		EA3392A91A22C18400A54F77 /* badguys.mp3 in Resources */ = {isa = PBXBuildFile; fileRef = EA3392A81A22C18400A54F77 /* badguys.mp3 */; };
		EA3392AB1A22C1EE00A54F77 /* tools.atlas in Resources */ = {isa = PBXBuildFile; fileRef = EA3392AA1A22C1EE00A54F77 /* tools.atlas */; };
		EA3B42401A3E89B100C7077E /* Weapon.swift in Sources */ = {isa = PBXBuildFile; fileRef = EA3B423F1A3E89B100C7077E /* Weapon.swift */; };
		EA3B42421A3E8A2400C7077E /* BowlingBall.swift in Sources */ = {isa = PBXBuildFile; fileRef = EA3B42411A3E8A2400C7077E /* BowlingBall.swift */; };
		EA41DBE81A41031C00D05B5F /* GameButton.swift in Sources */ = {isa = PBXBuildFile; fileRef = EA41DBE71A41031C00D05B5F /* GameButton.swift */; };
		EA457F4D1A2F3C4B00298EE3 /* parenttest.xml in Resources */ = {isa = PBXBuildFile; fileRef = EA457F4C1A2F3C4B00298EE3 /* parenttest.xml */; };
		EA457F4F1A2F3E1E00298EE3 /* siblingtest.xml in Resources */ = {isa = PBXBuildFile; fileRef = EA457F4E1A2F3E1E00298EE3 /* siblingtest.xml */; };
		EA4DB2EA1A88995E00CFB4DC /* EventKit.framework in Frameworks */ = {isa = PBXBuildFile; fileRef = EA4DB2E91A88995E00CFB4DC /* EventKit.framework */; };
		EA4DB2EC1A88996400CFB4DC /* EventKitUI.framework in Frameworks */ = {isa = PBXBuildFile; fileRef = EA4DB2EB1A88996400CFB4DC /* EventKitUI.framework */; };
		EA4DB2EE1A88999F00CFB4DC /* AdSupport.framework in Frameworks */ = {isa = PBXBuildFile; fileRef = EA4DB2ED1A88999F00CFB4DC /* AdSupport.framework */; };
		EA4DB2F21A8899CF00CFB4DC /* MessageUI.framework in Frameworks */ = {isa = PBXBuildFile; fileRef = EA4DB2F11A8899CF00CFB4DC /* MessageUI.framework */; };
		EA4DB2F41A8899E600CFB4DC /* AudioToolbox.framework in Frameworks */ = {isa = PBXBuildFile; fileRef = EA4DB2F31A8899E600CFB4DC /* AudioToolbox.framework */; };
		EA4DB2F61A8899F100CFB4DC /* AVFoundation.framework in Frameworks */ = {isa = PBXBuildFile; fileRef = EA4DB2F51A8899F100CFB4DC /* AVFoundation.framework */; };
		EA4DB2F81A8899FF00CFB4DC /* SystemConfiguration.framework in Frameworks */ = {isa = PBXBuildFile; fileRef = EA4DB2F71A8899FF00CFB4DC /* SystemConfiguration.framework */; };
		EA4DB2FA1A889A0C00CFB4DC /* CoreTelephony.framework in Frameworks */ = {isa = PBXBuildFile; fileRef = EA4DB2F91A889A0C00CFB4DC /* CoreTelephony.framework */; };
		EA4F687E1A5F9309000C08EB /* BumbleTests.swift in Sources */ = {isa = PBXBuildFile; fileRef = EA4F687D1A5F9309000C08EB /* BumbleTests.swift */; };
		EA4F68801A5F9B5E000C08EB /* PopupTests.swift in Sources */ = {isa = PBXBuildFile; fileRef = EA4F687F1A5F9B5E000C08EB /* PopupTests.swift */; };
		EA4F68821A5F9B6F000C08EB /* Robothrower2000Tests.swift in Sources */ = {isa = PBXBuildFile; fileRef = EA4F68811A5F9B6F000C08EB /* Robothrower2000Tests.swift */; };
		EA4F68841A5F9B88000C08EB /* ChickenatorTests.swift in Sources */ = {isa = PBXBuildFile; fileRef = EA4F68831A5F9B88000C08EB /* ChickenatorTests.swift */; };
		EA4F68861A5F9B97000C08EB /* FeatherTests.swift in Sources */ = {isa = PBXBuildFile; fileRef = EA4F68851A5F9B97000C08EB /* FeatherTests.swift */; };
		EA4F68881A5F9BC6000C08EB /* GameSceneTests.swift in Sources */ = {isa = PBXBuildFile; fileRef = EA4F68871A5F9BC6000C08EB /* GameSceneTests.swift */; };
		EA4F688A1A5F9BD2000C08EB /* TrainingTests.swift in Sources */ = {isa = PBXBuildFile; fileRef = EA4F68891A5F9BD2000C08EB /* TrainingTests.swift */; };
		EA5E4A251A787013005DB3EA /* chiefsoffice43.png in Resources */ = {isa = PBXBuildFile; fileRef = EA5E4A221A787013005DB3EA /* chiefsoffice43.png */; };
		EA5E4A261A787013005DB3EA /* holodeck43.png in Resources */ = {isa = PBXBuildFile; fileRef = EA5E4A231A787013005DB3EA /* holodeck43.png */; };
		EA5E4A271A787013005DB3EA /* title43.png in Resources */ = {isa = PBXBuildFile; fileRef = EA5E4A241A787013005DB3EA /* title43.png */; };
		EA5EC6DE1AAB636600F9B930 /* TextureManager.swift in Sources */ = {isa = PBXBuildFile; fileRef = EA5EC6DD1AAB636600F9B930 /* TextureManager.swift */; };
		EA6939BE1A4A64EA009020D6 /* Feather.swift in Sources */ = {isa = PBXBuildFile; fileRef = EA6939BD1A4A64EA009020D6 /* Feather.swift */; };
		EA6D92311A6630570067D421 /* ToggleButton.swift in Sources */ = {isa = PBXBuildFile; fileRef = EA6D92301A6630570067D421 /* ToggleButton.swift */; };
		EA71003E1A70A99000DEABEF /* shoppingmall.atlas in Resources */ = {isa = PBXBuildFile; fileRef = EA71003D1A70A99000DEABEF /* shoppingmall.atlas */; };
		EA80BCF71A5E3873000B3A1D /* twentyonewide.xml in Resources */ = {isa = PBXBuildFile; fileRef = EA80BCF61A5E3873000B3A1D /* twentyonewide.xml */; };
		EA80BCF91A5E397D000B3A1D /* threehigh.xml in Resources */ = {isa = PBXBuildFile; fileRef = EA80BCF81A5E397D000B3A1D /* threehigh.xml */; };
		EA80BCFB1A5E3AB7000B3A1D /* fourhigh.xml in Resources */ = {isa = PBXBuildFile; fileRef = EA80BCFA1A5E3AB7000B3A1D /* fourhigh.xml */; };
		EA80BCFD1A5E47EC000B3A1D /* InputManagerTests.swift in Sources */ = {isa = PBXBuildFile; fileRef = EA80BCFC1A5E47EC000B3A1D /* InputManagerTests.swift */; };
		EA80BCFF1A5E4AA2000B3A1D /* PhysicsManagerTests.swift in Sources */ = {isa = PBXBuildFile; fileRef = EA80BCFE1A5E4AA2000B3A1D /* PhysicsManagerTests.swift */; };
		EA868B501A7122B600AE10AE /* shoppingmall.xml in Resources */ = {isa = PBXBuildFile; fileRef = EA868B4F1A7122B600AE10AE /* shoppingmall.xml */; };
		EA868B521A7128FD00AE10AE /* LevelScreen.swift in Sources */ = {isa = PBXBuildFile; fileRef = EA868B511A7128FD00AE10AE /* LevelScreen.swift */; };
		EA8979C51A7893860072ABAB /* AttackPatternGenerator.swift in Sources */ = {isa = PBXBuildFile; fileRef = EA8979C41A7893860072ABAB /* AttackPatternGenerator.swift */; };
		EA8979C71A78B8A10072ABAB /* criminal2.atlas in Resources */ = {isa = PBXBuildFile; fileRef = EA8979C61A78B8A10072ABAB /* criminal2.atlas */; };
		EA8CF9C11A8FA3BC0068EDA1 /* BadgeAwardedScreen.swift in Sources */ = {isa = PBXBuildFile; fileRef = EA8CF9C01A8FA3BC0068EDA1 /* BadgeAwardedScreen.swift */; };
		EA8CF9C51A8FAAAF0068EDA1 /* facebookinvite.xml in Resources */ = {isa = PBXBuildFile; fileRef = EA8CF9C41A8FAAAF0068EDA1 /* facebookinvite.xml */; };
		EA8CF9C71A8FAAEA0068EDA1 /* FacebookInviteScreen.swift in Sources */ = {isa = PBXBuildFile; fileRef = EA8CF9C61A8FAAEA0068EDA1 /* FacebookInviteScreen.swift */; };
		EA9184721A1F7378004FA608 /* AppDelegate.swift in Sources */ = {isa = PBXBuildFile; fileRef = EA9184711A1F7378004FA608 /* AppDelegate.swift */; };
		EA9184761A1F7378004FA608 /* TitleScreen.swift in Sources */ = {isa = PBXBuildFile; fileRef = EA9184751A1F7378004FA608 /* TitleScreen.swift */; };
		EA9184781A1F7378004FA608 /* GameViewController.swift in Sources */ = {isa = PBXBuildFile; fileRef = EA9184771A1F7378004FA608 /* GameViewController.swift */; };
		EA91847D1A1F7378004FA608 /* Images.xcassets in Resources */ = {isa = PBXBuildFile; fileRef = EA91847C1A1F7378004FA608 /* Images.xcassets */; };
		EA9567211A6548AA006AF7B6 /* WeaponTests.swift in Sources */ = {isa = PBXBuildFile; fileRef = EA9567201A6548AA006AF7B6 /* WeaponTests.swift */; };
		EA98114E1A377D67000A80D9 /* titlescreen.xml in Resources */ = {isa = PBXBuildFile; fileRef = EA98114D1A377D67000A80D9 /* titlescreen.xml */; };
		EA9811501A379032000A80D9 /* Training.swift in Sources */ = {isa = PBXBuildFile; fileRef = EA98114F1A379031000A80D9 /* Training.swift */; };
		EA9811521A379072000A80D9 /* training.xml in Resources */ = {isa = PBXBuildFile; fileRef = EA9811511A379072000A80D9 /* training.xml */; };
		EA9811541A3790E4000A80D9 /* holodeck.png in Resources */ = {isa = PBXBuildFile; fileRef = EA9811531A3790E4000A80D9 /* holodeck.png */; };
		EA9811561A37A57F000A80D9 /* training.atlas in Resources */ = {isa = PBXBuildFile; fileRef = EA9811551A37A57F000A80D9 /* training.atlas */; };
		EA9811591A37A5CF000A80D9 /* Treadmill.swift in Sources */ = {isa = PBXBuildFile; fileRef = EA9811581A37A5CF000A80D9 /* Treadmill.swift */; };
		EA98115B1A37B629000A80D9 /* SoundManager.swift in Sources */ = {isa = PBXBuildFile; fileRef = EA98115A1A37B629000A80D9 /* SoundManager.swift */; };
		EA98115D1A37B7F2000A80D9 /* button.wav in Resources */ = {isa = PBXBuildFile; fileRef = EA98115C1A37B7F2000A80D9 /* button.wav */; };
		EA98115F1A37BE27000A80D9 /* MultiLineTextLabel.swift in Sources */ = {isa = PBXBuildFile; fileRef = EA98115E1A37BE27000A80D9 /* MultiLineTextLabel.swift */; };
		EA9811611A38A016000A80D9 /* Popup.swift in Sources */ = {isa = PBXBuildFile; fileRef = EA9811601A38A016000A80D9 /* Popup.swift */; };
		EAAA47EF1A77BB8C00574ED6 /* Criminal.swift in Sources */ = {isa = PBXBuildFile; fileRef = EAAA47EE1A77BB8C00574ED6 /* Criminal.swift */; };
		EABA5ACF1A2544ED0001A82A /* splashscreen.xml in Resources */ = {isa = PBXBuildFile; fileRef = EABA5ACE1A2544ED0001A82A /* splashscreen.xml */; };
		EABA5AD11A25474A0001A82A /* SceneLoaderTests.swift in Sources */ = {isa = PBXBuildFile; fileRef = EABA5AD01A25474A0001A82A /* SceneLoaderTests.swift */; };
		EACF2AB31A2A37EC003DC326 /* nestedtest.xml in Resources */ = {isa = PBXBuildFile; fileRef = EACF2AB21A2A37EC003DC326 /* nestedtest.xml */; };
		EADD84401A29958400D6497D /* Main.storyboard in Resources */ = {isa = PBXBuildFile; fileRef = EADD843F1A29958400D6497D /* Main.storyboard */; };
		EADD84421A2A369D00D6497D /* Stack.swift in Sources */ = {isa = PBXBuildFile; fileRef = EADD84411A2A369D00D6497D /* Stack.swift */; };
		EAE8DDE61A4449ED00DB71B1 /* Chickenator.swift in Sources */ = {isa = PBXBuildFile; fileRef = EAE8DDE51A4449ED00DB71B1 /* Chickenator.swift */; };
		EAE91D651DE1016900935210 /* StoreKit.framework in Frameworks */ = {isa = PBXBuildFile; fileRef = EAE91D641DE1016900935210 /* StoreKit.framework */; };
		EAE91D671DE1033700935210 /* iAd.framework in Frameworks */ = {isa = PBXBuildFile; fileRef = EAE91D661DE1033700935210 /* iAd.framework */; };
		EAE91D691DE1034100935210 /* Security.framework in Frameworks */ = {isa = PBXBuildFile; fileRef = EAE91D681DE1034100935210 /* Security.framework */; };
		EAE91D6C1DE10C8900935210 /* CoreGraphics.framework in Frameworks */ = {isa = PBXBuildFile; fileRef = EAE91D6B1DE10C8900935210 /* CoreGraphics.framework */; };
		EAE91D6E1DE10E0800935210 /* CoreData.framework in Frameworks */ = {isa = PBXBuildFile; fileRef = EAE91D6D1DE10E0800935210 /* CoreData.framework */; };
		EAE983681A8B872900A29CBA /* BadgeManager.swift in Sources */ = {isa = PBXBuildFile; fileRef = EAE983671A8B872900A29CBA /* BadgeManager.swift */; };
		EAEDA1741A58A11E00CBC6FB /* PhysicsManager.swift in Sources */ = {isa = PBXBuildFile; fileRef = EAEDA1731A58A11E00CBC6FB /* PhysicsManager.swift */; };
		EAEDA1761A58A3B800CBC6FB /* PhysicsHandler.swift in Sources */ = {isa = PBXBuildFile; fileRef = EAEDA1751A58A3B800CBC6FB /* PhysicsHandler.swift */; };
		EAEE36B61A819B1200279D85 /* Toast.swift in Sources */ = {isa = PBXBuildFile; fileRef = EAEE36B51A819B1200279D85 /* Toast.swift */; };
		EAEE36B81A824EDA00279D85 /* Exit.swift in Sources */ = {isa = PBXBuildFile; fileRef = EAEE36B71A824EDA00279D85 /* Exit.swift */; };
		EAF043EE1A545DF4006DE85D /* InputManager.swift in Sources */ = {isa = PBXBuildFile; fileRef = EAF043ED1A545DF4006DE85D /* InputManager.swift */; };
		EAF043F31A547CD1006DE85D /* GameScene.swift in Sources */ = {isa = PBXBuildFile; fileRef = EAF043F21A547CD1006DE85D /* GameScene.swift */; };
		EAF514771A9E948C003EC45E /* casino.xml in Resources */ = {isa = PBXBuildFile; fileRef = EAF514761A9E948C003EC45E /* casino.xml */; };
/* End PBXBuildFile section */

/* Begin PBXContainerItemProxy section */
		EA9184861A1F7378004FA608 /* PBXContainerItemProxy */ = {
			isa = PBXContainerItemProxy;
			containerPortal = EA9184641A1F7378004FA608 /* Project object */;
			proxyType = 1;
			remoteGlobalIDString = EA91846B1A1F7378004FA608;
			remoteInfo = OfficerBumble;
		};
/* End PBXContainerItemProxy section */

/* Begin PBXFileReference section */
		33F1FE8A41E8E54FE1D1CBA1 /* Pods-OfficerBumbleTests.debug.xcconfig */ = {isa = PBXFileReference; includeInIndex = 1; lastKnownFileType = text.xcconfig; name = "Pods-OfficerBumbleTests.debug.xcconfig"; path = "Pods/Target Support Files/Pods-OfficerBumbleTests/Pods-OfficerBumbleTests.debug.xcconfig"; sourceTree = "<group>"; };
		6BC705A7DBA0033D59AF2451 /* Pods-OfficerBumbleTests.release.xcconfig */ = {isa = PBXFileReference; includeInIndex = 1; lastKnownFileType = text.xcconfig; name = "Pods-OfficerBumbleTests.release.xcconfig"; path = "Pods/Target Support Files/Pods-OfficerBumbleTests/Pods-OfficerBumbleTests.release.xcconfig"; sourceTree = "<group>"; };
		7E4D062A8A9BE71ADD868EED /* Pods_OfficerBumble.framework */ = {isa = PBXFileReference; explicitFileType = wrapper.framework; includeInIndex = 0; path = Pods_OfficerBumble.framework; sourceTree = BUILT_PRODUCTS_DIR; };
		C07E9AC3A6BF9648157AAFA1 /* Pods-OfficerBumble.debug.xcconfig */ = {isa = PBXFileReference; includeInIndex = 1; lastKnownFileType = text.xcconfig; name = "Pods-OfficerBumble.debug.xcconfig"; path = "Pods/Target Support Files/Pods-OfficerBumble/Pods-OfficerBumble.debug.xcconfig"; sourceTree = "<group>"; };
		C175DD5F5CF4D85D1407F25F /* Pods_OfficerBumbleTests.framework */ = {isa = PBXFileReference; explicitFileType = wrapper.framework; includeInIndex = 0; path = Pods_OfficerBumbleTests.framework; sourceTree = BUILT_PRODUCTS_DIR; };
		EA023B651A75AA8B00534F1A /* Default-568h@2x.png */ = {isa = PBXFileReference; lastKnownFileType = image.png; path = "Default-568h@2x.png"; sourceTree = "<group>"; };
		EA023B671A75AA9500534F1A /* Default-Landscape@2x~ipad.png */ = {isa = PBXFileReference; lastKnownFileType = image.png; path = "Default-Landscape@2x~ipad.png"; sourceTree = "<group>"; };
		EA023B691A75AA9F00534F1A /* Default-Landscape~ipad.png */ = {isa = PBXFileReference; lastKnownFileType = image.png; path = "Default-Landscape~ipad.png"; sourceTree = "<group>"; };
		EA023B6B1A75AAA900534F1A /* Default@2x.png */ = {isa = PBXFileReference; lastKnownFileType = image.png; path = "Default@2x.png"; sourceTree = "<group>"; };
		EA0485631A5E2DC1004A8BDF /* casino.atlas */ = {isa = PBXFileReference; lastKnownFileType = folder.skatlas; path = casino.atlas; sourceTree = "<group>"; };
		EA0485651A5E2E1A004A8BDF /* threewide.xml */ = {isa = PBXFileReference; fileEncoding = 4; lastKnownFileType = text.xml; path = threewide.xml; sourceTree = "<group>"; };
		EA0C3EAF1A786710001DCDBF /* tornado.atlas */ = {isa = PBXFileReference; lastKnownFileType = folder.skatlas; path = tornado.atlas; sourceTree = "<group>"; };
		EA0DEB241A43B81E009B1918 /* Pie.swift */ = {isa = PBXFileReference; fileEncoding = 4; lastKnownFileType = sourcecode.swift; path = Pie.swift; sourceTree = "<group>"; };
		EA0DEB261A43BD96009B1918 /* bumble2.atlas */ = {isa = PBXFileReference; lastKnownFileType = folder.skatlas; path = bumble2.atlas; sourceTree = "<group>"; };
		EA0F79041A7FADDF00D51F3B /* Difficulty.swift */ = {isa = PBXFileReference; fileEncoding = 4; lastKnownFileType = sourcecode.swift; path = Difficulty.swift; sourceTree = "<group>"; };
		EA0F79071A7FB18C00D51F3B /* Easy.swift */ = {isa = PBXFileReference; fileEncoding = 4; lastKnownFileType = sourcecode.swift; path = Easy.swift; sourceTree = "<group>"; };
		EA0F79091A7FBC9E00D51F3B /* Normal.swift */ = {isa = PBXFileReference; fileEncoding = 4; lastKnownFileType = sourcecode.swift; path = Normal.swift; sourceTree = "<group>"; };
		EA0F790B1A7FBF0E00D51F3B /* Hard.swift */ = {isa = PBXFileReference; fileEncoding = 4; lastKnownFileType = sourcecode.swift; path = Hard.swift; sourceTree = "<group>"; };
		EA0F790D1A7FC0C200D51F3B /* Hardcore.swift */ = {isa = PBXFileReference; fileEncoding = 4; lastKnownFileType = sourcecode.swift; path = Hardcore.swift; sourceTree = "<group>"; };
		EA0FFAB21A91253800856AC2 /* LeaderboardData.swift */ = {isa = PBXFileReference; fileEncoding = 4; lastKnownFileType = sourcecode.swift; path = LeaderboardData.swift; sourceTree = "<group>"; };
		EA0FFAB41A912B9A00856AC2 /* LeaderboardServices.swift */ = {isa = PBXFileReference; fileEncoding = 4; lastKnownFileType = sourcecode.swift; path = LeaderboardServices.swift; sourceTree = "<group>"; };
		EA0FFAB61A912C0000856AC2 /* GameSharedPreferences.swift */ = {isa = PBXFileReference; fileEncoding = 4; lastKnownFileType = sourcecode.swift; path = GameSharedPreferences.swift; sourceTree = "<group>"; };
		EA1099371A80FB5700563D84 /* GameStateManager.swift */ = {isa = PBXFileReference; fileEncoding = 4; lastKnownFileType = sourcecode.swift; path = GameStateManager.swift; sourceTree = "<group>"; };
		EA12AF061A8308CC0038DAE4 /* GameOverScreen.swift */ = {isa = PBXFileReference; fileEncoding = 4; lastKnownFileType = sourcecode.swift; path = GameOverScreen.swift; sourceTree = "<group>"; };
		EA12AF081A8309FB0038DAE4 /* gameoverscreen.xml */ = {isa = PBXFileReference; fileEncoding = 4; lastKnownFileType = text.xml; path = gameoverscreen.xml; sourceTree = "<group>"; };
		EA12AF0A1A830C830038DAE4 /* chiefsoffice.png */ = {isa = PBXFileReference; lastKnownFileType = image.png; path = chiefsoffice.png; sourceTree = "<group>"; };
		EA12AF171A8316560038DAE4 /* tools2.atlas */ = {isa = PBXFileReference; lastKnownFileType = folder.skatlas; path = tools2.atlas; sourceTree = "<group>"; };
		EA1710F51A8DACCC0078602A /* nextbadge.xml */ = {isa = PBXFileReference; fileEncoding = 4; lastKnownFileType = text.xml; path = nextbadge.xml; sourceTree = "<group>"; };
		EA1710F71A8DAD0C0078602A /* NextBadgeScreen.swift */ = {isa = PBXFileReference; fileEncoding = 4; lastKnownFileType = sourcecode.swift; path = NextBadgeScreen.swift; sourceTree = "<group>"; };
		EA1710F91A8E2D660078602A /* badgeawarded.xml */ = {isa = PBXFileReference; fileEncoding = 4; lastKnownFileType = text.xml; path = badgeawarded.xml; sourceTree = "<group>"; };
		EA17CE7B1A4054A200F93BE8 /* splat.wav */ = {isa = PBXFileReference; lastKnownFileType = audio.wav; path = splat.wav; sourceTree = "<group>"; };
		EA17CE7D1A4054CD00F93BE8 /* bowling.wav */ = {isa = PBXFileReference; lastKnownFileType = audio.wav; path = bowling.wav; sourceTree = "<group>"; };
		EA17CE7E1A4054CD00F93BE8 /* chicken.wav */ = {isa = PBXFileReference; lastKnownFileType = audio.wav; path = chicken.wav; sourceTree = "<group>"; };
		EA17CE7F1A4054CD00F93BE8 /* criminalescape.wav */ = {isa = PBXFileReference; lastKnownFileType = audio.wav; path = criminalescape.wav; sourceTree = "<group>"; };
		EA17CE801A4054CD00F93BE8 /* duck.wav */ = {isa = PBXFileReference; lastKnownFileType = audio.wav; path = duck.wav; sourceTree = "<group>"; };
		EA17CE811A4054CD00F93BE8 /* escalator.wav */ = {isa = PBXFileReference; lastKnownFileType = audio.wav; path = escalator.wav; sourceTree = "<group>"; };
		EA17CE821A4054CD00F93BE8 /* failure.wav */ = {isa = PBXFileReference; lastKnownFileType = audio.wav; path = failure.wav; sourceTree = "<group>"; };
		EA17CE831A4054CD00F93BE8 /* freeman.wav */ = {isa = PBXFileReference; lastKnownFileType = audio.wav; path = freeman.wav; sourceTree = "<group>"; };
		EA17CE841A4054CD00F93BE8 /* headshake.wav */ = {isa = PBXFileReference; lastKnownFileType = audio.wav; path = headshake.wav; sourceTree = "<group>"; };
		EA17CE851A4054CD00F93BE8 /* heist.mp3 */ = {isa = PBXFileReference; lastKnownFileType = audio.mp3; path = heist.mp3; sourceTree = "<group>"; };
		EA17CE861A4054CD00F93BE8 /* jump.wav */ = {isa = PBXFileReference; lastKnownFileType = audio.wav; path = jump.wav; sourceTree = "<group>"; };
		EA17CE871A4054CD00F93BE8 /* laugh.wav */ = {isa = PBXFileReference; lastKnownFileType = audio.wav; path = laugh.wav; sourceTree = "<group>"; };
		EA17CE881A4054CD00F93BE8 /* promotion.wav */ = {isa = PBXFileReference; lastKnownFileType = audio.wav; path = promotion.wav; sourceTree = "<group>"; };
		EA17CE891A4054CD00F93BE8 /* robotshoot.wav */ = {isa = PBXFileReference; lastKnownFileType = audio.wav; path = robotshoot.wav; sourceTree = "<group>"; };
		EA17CE8A1A4054CD00F93BE8 /* robotthrow.wav */ = {isa = PBXFileReference; lastKnownFileType = audio.wav; path = robotthrow.wav; sourceTree = "<group>"; };
		EA17CE8B1A4054CD00F93BE8 /* scramble.wav */ = {isa = PBXFileReference; lastKnownFileType = audio.wav; path = scramble.wav; sourceTree = "<group>"; };
		EA17CE8C1A4054CD00F93BE8 /* secondwind.wav */ = {isa = PBXFileReference; lastKnownFileType = audio.wav; path = secondwind.wav; sourceTree = "<group>"; };
		EA17CE8D1A4054CD00F93BE8 /* wink.wav */ = {isa = PBXFileReference; lastKnownFileType = audio.wav; path = wink.wav; sourceTree = "<group>"; };
		EA17CE8E1A4054CD00F93BE8 /* yikes.wav */ = {isa = PBXFileReference; lastKnownFileType = audio.wav; path = yikes.wav; sourceTree = "<group>"; };
		EA17CEA11A405B8B00F93BE8 /* Enums.swift */ = {isa = PBXFileReference; fileEncoding = 4; lastKnownFileType = sourcecode.swift; path = Enums.swift; sourceTree = "<group>"; };
		EA1840B71A8A439C00D2E3EC /* nextlife.xml */ = {isa = PBXFileReference; fileEncoding = 4; lastKnownFileType = text.xml; path = nextlife.xml; sourceTree = "<group>"; };
		EA1840B91A8A43C600D2E3EC /* NextLifeScreen.swift */ = {isa = PBXFileReference; fileEncoding = 4; lastKnownFileType = sourcecode.swift; path = NextLifeScreen.swift; sourceTree = "<group>"; };
		EA1A6B281A466BEF00AC7247 /* TypeExtensions.swift */ = {isa = PBXFileReference; fileEncoding = 4; lastKnownFileType = sourcecode.swift; path = TypeExtensions.swift; sourceTree = "<group>"; };
		EA1C387D1A924F7400AE4D86 /* LeaderboardScreen.swift */ = {isa = PBXFileReference; fileEncoding = 4; lastKnownFileType = sourcecode.swift; path = LeaderboardScreen.swift; sourceTree = "<group>"; };
		EA1C387F1A92543600AE4D86 /* leaderboard.xml */ = {isa = PBXFileReference; fileEncoding = 4; lastKnownFileType = text.xml; path = leaderboard.xml; sourceTree = "<group>"; };
		EA1DDE701A23F11400D5557D /* Display.swift */ = {isa = PBXFileReference; fileEncoding = 4; lastKnownFileType = sourcecode.swift; path = Display.swift; sourceTree = "<group>"; };
		EA1DDE721A2417E800D5557D /* DisplayTests.swift */ = {isa = PBXFileReference; fileEncoding = 4; lastKnownFileType = sourcecode.swift; path = DisplayTests.swift; sourceTree = "<group>"; };
		EA1DDE741A242E4F00D5557D /* Margin.swift */ = {isa = PBXFileReference; fileEncoding = 4; lastKnownFileType = sourcecode.swift; path = Margin.swift; sourceTree = "<group>"; };
		EA1DDE761A24341900D5557D /* SceneLoader.swift */ = {isa = PBXFileReference; fileEncoding = 4; lastKnownFileType = sourcecode.swift; path = SceneLoader.swift; sourceTree = "<group>"; };
		EA1E65C71A7437BB008BC840 /* levelcommon.atlas */ = {isa = PBXFileReference; lastKnownFileType = folder.skatlas; path = levelcommon.atlas; sourceTree = "<group>"; };
		EA1E65C91A743C2A008BC840 /* Escalator.swift */ = {isa = PBXFileReference; fileEncoding = 4; lastKnownFileType = sourcecode.swift; path = Escalator.swift; sourceTree = "<group>"; };
		EA2743101AA0A418007D2021 /* museum.xml */ = {isa = PBXFileReference; fileEncoding = 4; lastKnownFileType = text.xml; path = museum.xml; sourceTree = "<group>"; };
		EA2743121AA0A447007D2021 /* bank.xml */ = {isa = PBXFileReference; fileEncoding = 4; lastKnownFileType = text.xml; path = bank.xml; sourceTree = "<group>"; };
		EA2743141AA0AE0B007D2021 /* museum.atlas */ = {isa = PBXFileReference; lastKnownFileType = folder.skatlas; path = museum.atlas; sourceTree = "<group>"; };
		EA2743161AA0B224007D2021 /* bank.atlas */ = {isa = PBXFileReference; lastKnownFileType = folder.skatlas; path = bank.atlas; sourceTree = "<group>"; };
		EA3234E71A75C13D00745D63 /* HUDManager.swift */ = {isa = PBXFileReference; fileEncoding = 4; lastKnownFileType = sourcecode.swift; path = HUDManager.swift; sourceTree = "<group>"; };
		EA334EDC1A3B18F000E4D7E6 /* bumble1.atlas */ = {isa = PBXFileReference; lastKnownFileType = folder.skatlas; path = bumble1.atlas; sourceTree = "<group>"; };
		EA334EDE1A3B190400E4D7E6 /* criminal1.atlas */ = {isa = PBXFileReference; lastKnownFileType = folder.skatlas; path = criminal1.atlas; sourceTree = "<group>"; };
		EA334EE01A3B195900E4D7E6 /* Bumble.swift */ = {isa = PBXFileReference; fileEncoding = 4; lastKnownFileType = sourcecode.swift; path = Bumble.swift; sourceTree = "<group>"; };
		EA334EE21A3B1BD000E4D7E6 /* Robothrower2000.swift */ = {isa = PBXFileReference; fileEncoding = 4; lastKnownFileType = sourcecode.swift; path = Robothrower2000.swift; sourceTree = "<group>"; };
		EA3392A01A2001E500A54F77 /* title.png */ = {isa = PBXFileReference; lastKnownFileType = image.png; path = title.png; sourceTree = "<group>"; };
		EA3392A31A22B57800A54F77 /* SplashScreen.swift */ = {isa = PBXFileReference; fileEncoding = 4; lastKnownFileType = sourcecode.swift; path = SplashScreen.swift; sourceTree = "<group>"; };
		EA3392A51A22C16E00A54F77 /* companylogo.png */ = {isa = PBXFileReference; lastKnownFileType = image.png; path = companylogo.png; sourceTree = "<group>"; };
		EA3392A81A22C18400A54F77 /* badguys.mp3 */ = {isa = PBXFileReference; lastKnownFileType = audio.mp3; path = badguys.mp3; sourceTree = "<group>"; };
		EA3392AA1A22C1EE00A54F77 /* tools.atlas */ = {isa = PBXFileReference; lastKnownFileType = folder.skatlas; path = tools.atlas; sourceTree = "<group>"; };
		EA3B423F1A3E89B100C7077E /* Weapon.swift */ = {isa = PBXFileReference; fileEncoding = 4; lastKnownFileType = sourcecode.swift; path = Weapon.swift; sourceTree = "<group>"; };
		EA3B42411A3E8A2400C7077E /* BowlingBall.swift */ = {isa = PBXFileReference; fileEncoding = 4; lastKnownFileType = sourcecode.swift; path = BowlingBall.swift; sourceTree = "<group>"; };
		EA3B6A891DE1347D00B5E4A8 /* GoogleToolboxForMac.framework */ = {isa = PBXFileReference; lastKnownFileType = wrapper.framework; name = GoogleToolboxForMac.framework; path = "Pods/../build/Debug-iphoneos/GoogleToolboxForMac/GoogleToolboxForMac.framework"; sourceTree = "<group>"; };
		EA41DBE71A41031C00D05B5F /* GameButton.swift */ = {isa = PBXFileReference; fileEncoding = 4; lastKnownFileType = sourcecode.swift; path = GameButton.swift; sourceTree = "<group>"; };
		EA457F4C1A2F3C4B00298EE3 /* parenttest.xml */ = {isa = PBXFileReference; fileEncoding = 4; lastKnownFileType = text.xml; path = parenttest.xml; sourceTree = "<group>"; };
		EA457F4E1A2F3E1E00298EE3 /* siblingtest.xml */ = {isa = PBXFileReference; fileEncoding = 4; lastKnownFileType = text.xml; path = siblingtest.xml; sourceTree = "<group>"; };
		EA4DB2E91A88995E00CFB4DC /* EventKit.framework */ = {isa = PBXFileReference; lastKnownFileType = wrapper.framework; name = EventKit.framework; path = System/Library/Frameworks/EventKit.framework; sourceTree = SDKROOT; };
		EA4DB2EB1A88996400CFB4DC /* EventKitUI.framework */ = {isa = PBXFileReference; lastKnownFileType = wrapper.framework; name = EventKitUI.framework; path = System/Library/Frameworks/EventKitUI.framework; sourceTree = SDKROOT; };
		EA4DB2ED1A88999F00CFB4DC /* AdSupport.framework */ = {isa = PBXFileReference; lastKnownFileType = wrapper.framework; name = AdSupport.framework; path = System/Library/Frameworks/AdSupport.framework; sourceTree = SDKROOT; };
		EA4DB2F11A8899CF00CFB4DC /* MessageUI.framework */ = {isa = PBXFileReference; lastKnownFileType = wrapper.framework; name = MessageUI.framework; path = System/Library/Frameworks/MessageUI.framework; sourceTree = SDKROOT; };
		EA4DB2F31A8899E600CFB4DC /* AudioToolbox.framework */ = {isa = PBXFileReference; lastKnownFileType = wrapper.framework; name = AudioToolbox.framework; path = System/Library/Frameworks/AudioToolbox.framework; sourceTree = SDKROOT; };
		EA4DB2F51A8899F100CFB4DC /* AVFoundation.framework */ = {isa = PBXFileReference; lastKnownFileType = wrapper.framework; name = AVFoundation.framework; path = System/Library/Frameworks/AVFoundation.framework; sourceTree = SDKROOT; };
		EA4DB2F71A8899FF00CFB4DC /* SystemConfiguration.framework */ = {isa = PBXFileReference; lastKnownFileType = wrapper.framework; name = SystemConfiguration.framework; path = System/Library/Frameworks/SystemConfiguration.framework; sourceTree = SDKROOT; };
		EA4DB2F91A889A0C00CFB4DC /* CoreTelephony.framework */ = {isa = PBXFileReference; lastKnownFileType = wrapper.framework; name = CoreTelephony.framework; path = System/Library/Frameworks/CoreTelephony.framework; sourceTree = SDKROOT; };
		EA4F687D1A5F9309000C08EB /* BumbleTests.swift */ = {isa = PBXFileReference; fileEncoding = 4; lastKnownFileType = sourcecode.swift; path = BumbleTests.swift; sourceTree = "<group>"; };
		EA4F687F1A5F9B5E000C08EB /* PopupTests.swift */ = {isa = PBXFileReference; fileEncoding = 4; lastKnownFileType = sourcecode.swift; path = PopupTests.swift; sourceTree = "<group>"; };
		EA4F68811A5F9B6F000C08EB /* Robothrower2000Tests.swift */ = {isa = PBXFileReference; fileEncoding = 4; lastKnownFileType = sourcecode.swift; path = Robothrower2000Tests.swift; sourceTree = "<group>"; };
		EA4F68831A5F9B88000C08EB /* ChickenatorTests.swift */ = {isa = PBXFileReference; fileEncoding = 4; lastKnownFileType = sourcecode.swift; path = ChickenatorTests.swift; sourceTree = "<group>"; };
		EA4F68851A5F9B97000C08EB /* FeatherTests.swift */ = {isa = PBXFileReference; fileEncoding = 4; lastKnownFileType = sourcecode.swift; path = FeatherTests.swift; sourceTree = "<group>"; };
		EA4F68871A5F9BC6000C08EB /* GameSceneTests.swift */ = {isa = PBXFileReference; fileEncoding = 4; lastKnownFileType = sourcecode.swift; path = GameSceneTests.swift; sourceTree = "<group>"; };
		EA4F68891A5F9BD2000C08EB /* TrainingTests.swift */ = {isa = PBXFileReference; fileEncoding = 4; lastKnownFileType = sourcecode.swift; path = TrainingTests.swift; sourceTree = "<group>"; };
		EA5E4A221A787013005DB3EA /* chiefsoffice43.png */ = {isa = PBXFileReference; lastKnownFileType = image.png; path = chiefsoffice43.png; sourceTree = "<group>"; };
		EA5E4A231A787013005DB3EA /* holodeck43.png */ = {isa = PBXFileReference; lastKnownFileType = image.png; path = holodeck43.png; sourceTree = "<group>"; };
		EA5E4A241A787013005DB3EA /* title43.png */ = {isa = PBXFileReference; lastKnownFileType = image.png; path = title43.png; sourceTree = "<group>"; };
		EA5EC6DD1AAB636600F9B930 /* TextureManager.swift */ = {isa = PBXFileReference; fileEncoding = 4; lastKnownFileType = sourcecode.swift; path = TextureManager.swift; sourceTree = "<group>"; };
		EA6939BD1A4A64EA009020D6 /* Feather.swift */ = {isa = PBXFileReference; fileEncoding = 4; lastKnownFileType = sourcecode.swift; path = Feather.swift; sourceTree = "<group>"; };
		EA6D92301A6630570067D421 /* ToggleButton.swift */ = {isa = PBXFileReference; fileEncoding = 4; lastKnownFileType = sourcecode.swift; path = ToggleButton.swift; sourceTree = "<group>"; };
		EA71003D1A70A99000DEABEF /* shoppingmall.atlas */ = {isa = PBXFileReference; lastKnownFileType = folder.skatlas; path = shoppingmall.atlas; sourceTree = "<group>"; };
		EA80BCF61A5E3873000B3A1D /* twentyonewide.xml */ = {isa = PBXFileReference; fileEncoding = 4; lastKnownFileType = text.xml; path = twentyonewide.xml; sourceTree = "<group>"; };
		EA80BCF81A5E397D000B3A1D /* threehigh.xml */ = {isa = PBXFileReference; fileEncoding = 4; lastKnownFileType = text.xml; path = threehigh.xml; sourceTree = "<group>"; };
		EA80BCFA1A5E3AB7000B3A1D /* fourhigh.xml */ = {isa = PBXFileReference; fileEncoding = 4; lastKnownFileType = text.xml; path = fourhigh.xml; sourceTree = "<group>"; };
		EA80BCFC1A5E47EC000B3A1D /* InputManagerTests.swift */ = {isa = PBXFileReference; fileEncoding = 4; lastKnownFileType = sourcecode.swift; path = InputManagerTests.swift; sourceTree = "<group>"; };
		EA80BCFE1A5E4AA2000B3A1D /* PhysicsManagerTests.swift */ = {isa = PBXFileReference; fileEncoding = 4; lastKnownFileType = sourcecode.swift; path = PhysicsManagerTests.swift; sourceTree = "<group>"; };
		EA868B4F1A7122B600AE10AE /* shoppingmall.xml */ = {isa = PBXFileReference; fileEncoding = 4; lastKnownFileType = text.xml; path = shoppingmall.xml; sourceTree = "<group>"; };
		EA868B511A7128FD00AE10AE /* LevelScreen.swift */ = {isa = PBXFileReference; fileEncoding = 4; lastKnownFileType = sourcecode.swift; path = LevelScreen.swift; sourceTree = "<group>"; };
		EA8979C41A7893860072ABAB /* AttackPatternGenerator.swift */ = {isa = PBXFileReference; fileEncoding = 4; lastKnownFileType = sourcecode.swift; path = AttackPatternGenerator.swift; sourceTree = "<group>"; };
		EA8979C61A78B8A10072ABAB /* criminal2.atlas */ = {isa = PBXFileReference; lastKnownFileType = folder.skatlas; path = criminal2.atlas; sourceTree = "<group>"; };
		EA8CF9C01A8FA3BC0068EDA1 /* BadgeAwardedScreen.swift */ = {isa = PBXFileReference; fileEncoding = 4; lastKnownFileType = sourcecode.swift; path = BadgeAwardedScreen.swift; sourceTree = "<group>"; };
		EA8CF9C41A8FAAAF0068EDA1 /* facebookinvite.xml */ = {isa = PBXFileReference; fileEncoding = 4; lastKnownFileType = text.xml; path = facebookinvite.xml; sourceTree = "<group>"; };
		EA8CF9C61A8FAAEA0068EDA1 /* FacebookInviteScreen.swift */ = {isa = PBXFileReference; fileEncoding = 4; lastKnownFileType = sourcecode.swift; path = FacebookInviteScreen.swift; sourceTree = "<group>"; };
		EA91846C1A1F7378004FA608 /* OfficerBumble.app */ = {isa = PBXFileReference; explicitFileType = wrapper.application; includeInIndex = 0; path = OfficerBumble.app; sourceTree = BUILT_PRODUCTS_DIR; };
		EA9184701A1F7378004FA608 /* Info.plist */ = {isa = PBXFileReference; lastKnownFileType = text.plist.xml; path = Info.plist; sourceTree = "<group>"; };
		EA9184711A1F7378004FA608 /* AppDelegate.swift */ = {isa = PBXFileReference; lastKnownFileType = sourcecode.swift; path = AppDelegate.swift; sourceTree = "<group>"; };
		EA9184751A1F7378004FA608 /* TitleScreen.swift */ = {isa = PBXFileReference; lastKnownFileType = sourcecode.swift; path = TitleScreen.swift; sourceTree = "<group>"; };
		EA9184771A1F7378004FA608 /* GameViewController.swift */ = {isa = PBXFileReference; lastKnownFileType = sourcecode.swift; path = GameViewController.swift; sourceTree = "<group>"; };
		EA91847C1A1F7378004FA608 /* Images.xcassets */ = {isa = PBXFileReference; lastKnownFileType = folder.assetcatalog; path = Images.xcassets; sourceTree = "<group>"; };
		EA9184851A1F7378004FA608 /* OfficerBumbleTests.xctest */ = {isa = PBXFileReference; explicitFileType = wrapper.cfbundle; includeInIndex = 0; path = OfficerBumbleTests.xctest; sourceTree = BUILT_PRODUCTS_DIR; };
		EA91848A1A1F7378004FA608 /* Info.plist */ = {isa = PBXFileReference; lastKnownFileType = text.plist.xml; path = Info.plist; sourceTree = "<group>"; };
		EA9567201A6548AA006AF7B6 /* WeaponTests.swift */ = {isa = PBXFileReference; fileEncoding = 4; lastKnownFileType = sourcecode.swift; path = WeaponTests.swift; sourceTree = "<group>"; };
		EA98114D1A377D67000A80D9 /* titlescreen.xml */ = {isa = PBXFileReference; fileEncoding = 4; lastKnownFileType = text.xml; path = titlescreen.xml; sourceTree = "<group>"; };
		EA98114F1A379031000A80D9 /* Training.swift */ = {isa = PBXFileReference; fileEncoding = 4; lastKnownFileType = sourcecode.swift; path = Training.swift; sourceTree = "<group>"; };
		EA9811511A379072000A80D9 /* training.xml */ = {isa = PBXFileReference; fileEncoding = 4; lastKnownFileType = text.xml; path = training.xml; sourceTree = "<group>"; };
		EA9811531A3790E4000A80D9 /* holodeck.png */ = {isa = PBXFileReference; lastKnownFileType = image.png; path = holodeck.png; sourceTree = "<group>"; };
		EA9811551A37A57F000A80D9 /* training.atlas */ = {isa = PBXFileReference; lastKnownFileType = folder.skatlas; path = training.atlas; sourceTree = "<group>"; };
		EA9811581A37A5CF000A80D9 /* Treadmill.swift */ = {isa = PBXFileReference; fileEncoding = 4; lastKnownFileType = sourcecode.swift; path = Treadmill.swift; sourceTree = "<group>"; };
		EA98115A1A37B629000A80D9 /* SoundManager.swift */ = {isa = PBXFileReference; fileEncoding = 4; lastKnownFileType = sourcecode.swift; path = SoundManager.swift; sourceTree = "<group>"; };
		EA98115C1A37B7F2000A80D9 /* button.wav */ = {isa = PBXFileReference; lastKnownFileType = audio.wav; path = button.wav; sourceTree = "<group>"; };
		EA98115E1A37BE27000A80D9 /* MultiLineTextLabel.swift */ = {isa = PBXFileReference; fileEncoding = 4; lastKnownFileType = sourcecode.swift; path = MultiLineTextLabel.swift; sourceTree = "<group>"; };
		EA9811601A38A016000A80D9 /* Popup.swift */ = {isa = PBXFileReference; fileEncoding = 4; lastKnownFileType = sourcecode.swift; path = Popup.swift; sourceTree = "<group>"; };
		EAAA47EE1A77BB8C00574ED6 /* Criminal.swift */ = {isa = PBXFileReference; fileEncoding = 4; lastKnownFileType = sourcecode.swift; path = Criminal.swift; sourceTree = "<group>"; };
		EABA5ACE1A2544ED0001A82A /* splashscreen.xml */ = {isa = PBXFileReference; fileEncoding = 4; lastKnownFileType = text.xml; path = splashscreen.xml; sourceTree = "<group>"; };
		EABA5AD01A25474A0001A82A /* SceneLoaderTests.swift */ = {isa = PBXFileReference; fileEncoding = 4; lastKnownFileType = sourcecode.swift; path = SceneLoaderTests.swift; sourceTree = "<group>"; };
		EACF2AB21A2A37EC003DC326 /* nestedtest.xml */ = {isa = PBXFileReference; fileEncoding = 4; lastKnownFileType = text.xml; path = nestedtest.xml; sourceTree = "<group>"; };
		EADD843F1A29958400D6497D /* Main.storyboard */ = {isa = PBXFileReference; fileEncoding = 4; lastKnownFileType = file.storyboard; path = Main.storyboard; sourceTree = "<group>"; };
		EADD84411A2A369D00D6497D /* Stack.swift */ = {isa = PBXFileReference; fileEncoding = 4; lastKnownFileType = sourcecode.swift; path = Stack.swift; sourceTree = "<group>"; };
		EAE8DDE51A4449ED00DB71B1 /* Chickenator.swift */ = {isa = PBXFileReference; fileEncoding = 4; lastKnownFileType = sourcecode.swift; path = Chickenator.swift; sourceTree = "<group>"; };
		EAE91D641DE1016900935210 /* StoreKit.framework */ = {isa = PBXFileReference; lastKnownFileType = wrapper.framework; name = StoreKit.framework; path = System/Library/Frameworks/StoreKit.framework; sourceTree = SDKROOT; };
		EAE91D661DE1033700935210 /* iAd.framework */ = {isa = PBXFileReference; lastKnownFileType = wrapper.framework; name = iAd.framework; path = System/Library/Frameworks/iAd.framework; sourceTree = SDKROOT; };
		EAE91D681DE1034100935210 /* Security.framework */ = {isa = PBXFileReference; lastKnownFileType = wrapper.framework; name = Security.framework; path = System/Library/Frameworks/Security.framework; sourceTree = SDKROOT; };
		EAE91D6B1DE10C8900935210 /* CoreGraphics.framework */ = {isa = PBXFileReference; lastKnownFileType = wrapper.framework; name = CoreGraphics.framework; path = System/Library/Frameworks/CoreGraphics.framework; sourceTree = SDKROOT; };
		EAE91D6D1DE10E0800935210 /* CoreData.framework */ = {isa = PBXFileReference; lastKnownFileType = wrapper.framework; name = CoreData.framework; path = System/Library/Frameworks/CoreData.framework; sourceTree = SDKROOT; };
		EAE983671A8B872900A29CBA /* BadgeManager.swift */ = {isa = PBXFileReference; fileEncoding = 4; lastKnownFileType = sourcecode.swift; path = BadgeManager.swift; sourceTree = "<group>"; };
		EAEDA1731A58A11E00CBC6FB /* PhysicsManager.swift */ = {isa = PBXFileReference; fileEncoding = 4; lastKnownFileType = sourcecode.swift; path = PhysicsManager.swift; sourceTree = "<group>"; };
		EAEDA1751A58A3B800CBC6FB /* PhysicsHandler.swift */ = {isa = PBXFileReference; fileEncoding = 4; lastKnownFileType = sourcecode.swift; path = PhysicsHandler.swift; sourceTree = "<group>"; };
		EAEE36B51A819B1200279D85 /* Toast.swift */ = {isa = PBXFileReference; fileEncoding = 4; lastKnownFileType = sourcecode.swift; path = Toast.swift; sourceTree = "<group>"; };
		EAEE36B71A824EDA00279D85 /* Exit.swift */ = {isa = PBXFileReference; fileEncoding = 4; lastKnownFileType = sourcecode.swift; path = Exit.swift; sourceTree = "<group>"; };
		EAF043ED1A545DF4006DE85D /* InputManager.swift */ = {isa = PBXFileReference; fileEncoding = 4; lastKnownFileType = sourcecode.swift; path = InputManager.swift; sourceTree = "<group>"; };
		EAF043F21A547CD1006DE85D /* GameScene.swift */ = {isa = PBXFileReference; fileEncoding = 4; lastKnownFileType = sourcecode.swift; path = GameScene.swift; sourceTree = "<group>"; };
		EAF514761A9E948C003EC45E /* casino.xml */ = {isa = PBXFileReference; fileEncoding = 4; lastKnownFileType = text.xml; path = casino.xml; sourceTree = "<group>"; };
		EC51C3465172D2E627A1FEBA /* Pods-OfficerBumble.release.xcconfig */ = {isa = PBXFileReference; includeInIndex = 1; lastKnownFileType = text.xcconfig; name = "Pods-OfficerBumble.release.xcconfig"; path = "Pods/Target Support Files/Pods-OfficerBumble/Pods-OfficerBumble.release.xcconfig"; sourceTree = "<group>"; };
/* End PBXFileReference section */

/* Begin PBXFrameworksBuildPhase section */
		EA9184691A1F7378004FA608 /* Frameworks */ = {
			isa = PBXFrameworksBuildPhase;
			buildActionMask = 2147483647;
			files = (
				EAE91D6E1DE10E0800935210 /* CoreData.framework in Frameworks */,
				EAE91D6C1DE10C8900935210 /* CoreGraphics.framework in Frameworks */,
				EA4DB2EA1A88995E00CFB4DC /* EventKit.framework in Frameworks */,
				EA4DB2EC1A88996400CFB4DC /* EventKitUI.framework in Frameworks */,
				EA4DB2EE1A88999F00CFB4DC /* AdSupport.framework in Frameworks */,
				EAE91D691DE1034100935210 /* Security.framework in Frameworks */,
				EAE91D671DE1033700935210 /* iAd.framework in Frameworks */,
				EA4DB2F41A8899E600CFB4DC /* AudioToolbox.framework in Frameworks */,
				EA4DB2F61A8899F100CFB4DC /* AVFoundation.framework in Frameworks */,
				EA4DB2FA1A889A0C00CFB4DC /* CoreTelephony.framework in Frameworks */,
				EAE91D651DE1016900935210 /* StoreKit.framework in Frameworks */,
				EA4DB2F81A8899FF00CFB4DC /* SystemConfiguration.framework in Frameworks */,
				EA4DB2F21A8899CF00CFB4DC /* MessageUI.framework in Frameworks */,
				B8FA19B6B760C29C71797863 /* Pods_OfficerBumble.framework in Frameworks */,
			);
			runOnlyForDeploymentPostprocessing = 0;
		};
		EA9184821A1F7378004FA608 /* Frameworks */ = {
			isa = PBXFrameworksBuildPhase;
			buildActionMask = 2147483647;
			files = (
				499CFE028D3BF0C1246AAF42 /* Pods_OfficerBumbleTests.framework in Frameworks */,
			);
			runOnlyForDeploymentPostprocessing = 0;
		};
/* End PBXFrameworksBuildPhase section */

/* Begin PBXGroup section */
		31AD78250847149A609AB5EA /* Pods */ = {
			isa = PBXGroup;
			children = (
				C07E9AC3A6BF9648157AAFA1 /* Pods-OfficerBumble.debug.xcconfig */,
				EC51C3465172D2E627A1FEBA /* Pods-OfficerBumble.release.xcconfig */,
				33F1FE8A41E8E54FE1D1CBA1 /* Pods-OfficerBumbleTests.debug.xcconfig */,
				6BC705A7DBA0033D59AF2451 /* Pods-OfficerBumbleTests.release.xcconfig */,
			);
			name = Pods;
			sourceTree = "<group>";
		};
		4B2E068C60FB84835A989BE6 /* Frameworks */ = {
			isa = PBXGroup;
			children = (
				EA3B6A891DE1347D00B5E4A8 /* GoogleToolboxForMac.framework */,
				EAE91D6D1DE10E0800935210 /* CoreData.framework */,
				EAE91D6B1DE10C8900935210 /* CoreGraphics.framework */,
				EAE91D681DE1034100935210 /* Security.framework */,
				EAE91D661DE1033700935210 /* iAd.framework */,
				EAE91D641DE1016900935210 /* StoreKit.framework */,
				EA4DB2F91A889A0C00CFB4DC /* CoreTelephony.framework */,
				EA4DB2F71A8899FF00CFB4DC /* SystemConfiguration.framework */,
				EA4DB2F51A8899F100CFB4DC /* AVFoundation.framework */,
				EA4DB2F31A8899E600CFB4DC /* AudioToolbox.framework */,
				EA4DB2F11A8899CF00CFB4DC /* MessageUI.framework */,
				EA4DB2ED1A88999F00CFB4DC /* AdSupport.framework */,
				EA4DB2EB1A88996400CFB4DC /* EventKitUI.framework */,
				EA4DB2E91A88995E00CFB4DC /* EventKit.framework */,
				7E4D062A8A9BE71ADD868EED /* Pods_OfficerBumble.framework */,
				C175DD5F5CF4D85D1407F25F /* Pods_OfficerBumbleTests.framework */,
			);
			name = Frameworks;
			sourceTree = "<group>";
		};
		EA0F79061A7FB17C00D51F3B /* Difficulties */ = {
			isa = PBXGroup;
			children = (
				EA0F79071A7FB18C00D51F3B /* Easy.swift */,
				EA0F79091A7FBC9E00D51F3B /* Normal.swift */,
				EA0F790B1A7FBF0E00D51F3B /* Hard.swift */,
				EA0F790D1A7FC0C200D51F3B /* Hardcore.swift */,
			);
			name = Difficulties;
			sourceTree = "<group>";
		};
		EA1DDE6F1A23F10400D5557D /* Engine */ = {
			isa = PBXGroup;
			children = (
				EA0F79061A7FB17C00D51F3B /* Difficulties */,
				EA1DDE701A23F11400D5557D /* Display.swift */,
				EA1DDE741A242E4F00D5557D /* Margin.swift */,
				EADD84411A2A369D00D6497D /* Stack.swift */,
				EA98115A1A37B629000A80D9 /* SoundManager.swift */,
				EA98115E1A37BE27000A80D9 /* MultiLineTextLabel.swift */,
				EA17CEA11A405B8B00F93BE8 /* Enums.swift */,
				EAF043ED1A545DF4006DE85D /* InputManager.swift */,
				EAEDA1731A58A11E00CBC6FB /* PhysicsManager.swift */,
				EA8979C41A7893860072ABAB /* AttackPatternGenerator.swift */,
				EA1099371A80FB5700563D84 /* GameStateManager.swift */,
				EAE983671A8B872900A29CBA /* BadgeManager.swift */,
				EA0FFAB21A91253800856AC2 /* LeaderboardData.swift */,
				EA0FFAB41A912B9A00856AC2 /* LeaderboardServices.swift */,
				EA0FFAB61A912C0000856AC2 /* GameSharedPreferences.swift */,
				EA5EC6DD1AAB636600F9B930 /* TextureManager.swift */,
			);
			name = Engine;
			sourceTree = "<group>";
		};
		EA3392A21A22B3EE00A54F77 /* Scenes */ = {
			isa = PBXGroup;
			children = (
				EA9184751A1F7378004FA608 /* TitleScreen.swift */,
				EA3392A31A22B57800A54F77 /* SplashScreen.swift */,
				EA1DDE761A24341900D5557D /* SceneLoader.swift */,
				EA98114F1A379031000A80D9 /* Training.swift */,
				EAF043F21A547CD1006DE85D /* GameScene.swift */,
				EA868B511A7128FD00AE10AE /* LevelScreen.swift */,
				EA12AF061A8308CC0038DAE4 /* GameOverScreen.swift */,
				EA1840B91A8A43C600D2E3EC /* NextLifeScreen.swift */,
				EA1710F71A8DAD0C0078602A /* NextBadgeScreen.swift */,
				EA8CF9C01A8FA3BC0068EDA1 /* BadgeAwardedScreen.swift */,
				EA8CF9C61A8FAAEA0068EDA1 /* FacebookInviteScreen.swift */,
				EA1C387D1A924F7400AE4D86 /* LeaderboardScreen.swift */,
			);
			name = Scenes;
			sourceTree = "<group>";
		};
		EA3392A71A22C17700A54F77 /* sounds */ = {
			isa = PBXGroup;
			children = (
				EA17CE7D1A4054CD00F93BE8 /* bowling.wav */,
				EA17CE7E1A4054CD00F93BE8 /* chicken.wav */,
				EA17CE7F1A4054CD00F93BE8 /* criminalescape.wav */,
				EA17CE801A4054CD00F93BE8 /* duck.wav */,
				EA17CE811A4054CD00F93BE8 /* escalator.wav */,
				EA17CE821A4054CD00F93BE8 /* failure.wav */,
				EA17CE831A4054CD00F93BE8 /* freeman.wav */,
				EA17CE841A4054CD00F93BE8 /* headshake.wav */,
				EA17CE851A4054CD00F93BE8 /* heist.mp3 */,
				EA17CE861A4054CD00F93BE8 /* jump.wav */,
				EA17CE871A4054CD00F93BE8 /* laugh.wav */,
				EA17CE881A4054CD00F93BE8 /* promotion.wav */,
				EA17CE891A4054CD00F93BE8 /* robotshoot.wav */,
				EA17CE8A1A4054CD00F93BE8 /* robotthrow.wav */,
				EA17CE8B1A4054CD00F93BE8 /* scramble.wav */,
				EA17CE8C1A4054CD00F93BE8 /* secondwind.wav */,
				EA17CE8D1A4054CD00F93BE8 /* wink.wav */,
				EA17CE8E1A4054CD00F93BE8 /* yikes.wav */,
				EA17CE7B1A4054A200F93BE8 /* splat.wav */,
				EA98115C1A37B7F2000A80D9 /* button.wav */,
				EA3392A81A22C18400A54F77 /* badguys.mp3 */,
			);
			name = sounds;
			sourceTree = "<group>";
		};
		EA457F4B1A2F3C0900298EE3 /* unittests */ = {
			isa = PBXGroup;
			children = (
				EA80BCF81A5E397D000B3A1D /* threehigh.xml */,
				EA80BCF61A5E3873000B3A1D /* twentyonewide.xml */,
				EA0485651A5E2E1A004A8BDF /* threewide.xml */,
				EACF2AB21A2A37EC003DC326 /* nestedtest.xml */,
				EA457F4C1A2F3C4B00298EE3 /* parenttest.xml */,
				EA457F4E1A2F3E1E00298EE3 /* siblingtest.xml */,
				EA80BCFA1A5E3AB7000B3A1D /* fourhigh.xml */,
			);
			name = unittests;
			sourceTree = "<group>";
		};
		EA9184631A1F7378004FA608 = {
			isa = PBXGroup;
			children = (
				EA023B6B1A75AAA900534F1A /* Default@2x.png */,
				EA023B691A75AA9F00534F1A /* Default-Landscape~ipad.png */,
				EA023B671A75AA9500534F1A /* Default-Landscape@2x~ipad.png */,
				EA023B651A75AA8B00534F1A /* Default-568h@2x.png */,
				EADD843F1A29958400D6497D /* Main.storyboard */,
				EA91846E1A1F7378004FA608 /* OfficerBumble */,
				EA9184881A1F7378004FA608 /* OfficerBumbleTests */,
				EA91846D1A1F7378004FA608 /* Products */,
				4B2E068C60FB84835A989BE6 /* Frameworks */,
				31AD78250847149A609AB5EA /* Pods */,
			);
			sourceTree = "<group>";
		};
		EA91846D1A1F7378004FA608 /* Products */ = {
			isa = PBXGroup;
			children = (
				EA91846C1A1F7378004FA608 /* OfficerBumble.app */,
				EA9184851A1F7378004FA608 /* OfficerBumbleTests.xctest */,
			);
			name = Products;
			sourceTree = "<group>";
		};
		EA91846E1A1F7378004FA608 /* OfficerBumble */ = {
			isa = PBXGroup;
			children = (
				EAF043EF1A54633B006DE85D /* Protocols */,
				EA9811571A37A5BD000A80D9 /* Entities */,
				EA1DDE6F1A23F10400D5557D /* Engine */,
				EA3392A21A22B3EE00A54F77 /* Scenes */,
				EA9184711A1F7378004FA608 /* AppDelegate.swift */,
				EA9184771A1F7378004FA608 /* GameViewController.swift */,
				EA91847C1A1F7378004FA608 /* Images.xcassets */,
				EA91846F1A1F7378004FA608 /* Supporting Files */,
			);
			path = OfficerBumble;
			sourceTree = "<group>";
		};
		EA91846F1A1F7378004FA608 /* Supporting Files */ = {
			isa = PBXGroup;
			children = (
				EA2743161AA0B224007D2021 /* bank.atlas */,
				EA2743141AA0AE0B007D2021 /* museum.atlas */,
				EA12AF171A8316560038DAE4 /* tools2.atlas */,
				EA12AF0A1A830C830038DAE4 /* chiefsoffice.png */,
				EA8979C61A78B8A10072ABAB /* criminal2.atlas */,
				EA5E4A221A787013005DB3EA /* chiefsoffice43.png */,
				EA5E4A231A787013005DB3EA /* holodeck43.png */,
				EA5E4A241A787013005DB3EA /* title43.png */,
				EA0C3EAF1A786710001DCDBF /* tornado.atlas */,
				EA1E65C71A7437BB008BC840 /* levelcommon.atlas */,
				EA71003D1A70A99000DEABEF /* shoppingmall.atlas */,
				EA0485631A5E2DC1004A8BDF /* casino.atlas */,
				EA0DEB261A43BD96009B1918 /* bumble2.atlas */,
				EA334EDE1A3B190400E4D7E6 /* criminal1.atlas */,
				EA334EDC1A3B18F000E4D7E6 /* bumble1.atlas */,
				EA9811551A37A57F000A80D9 /* training.atlas */,
				EA9811531A3790E4000A80D9 /* holodeck.png */,
				EABA5ACD1A2544CC0001A82A /* scenes */,
				EA3392AA1A22C1EE00A54F77 /* tools.atlas */,
				EA3392A71A22C17700A54F77 /* sounds */,
				EA3392A51A22C16E00A54F77 /* companylogo.png */,
				EA3392A01A2001E500A54F77 /* title.png */,
				EA9184701A1F7378004FA608 /* Info.plist */,
			);
			name = "Supporting Files";
			sourceTree = "<group>";
		};
		EA9184881A1F7378004FA608 /* OfficerBumbleTests */ = {
			isa = PBXGroup;
			children = (
				EA9184891A1F7378004FA608 /* Supporting Files */,
				EA1DDE721A2417E800D5557D /* DisplayTests.swift */,
				EABA5AD01A25474A0001A82A /* SceneLoaderTests.swift */,
				EA80BCFC1A5E47EC000B3A1D /* InputManagerTests.swift */,
				EA80BCFE1A5E4AA2000B3A1D /* PhysicsManagerTests.swift */,
				EA4F687D1A5F9309000C08EB /* BumbleTests.swift */,
				EA4F687F1A5F9B5E000C08EB /* PopupTests.swift */,
				EA4F68811A5F9B6F000C08EB /* Robothrower2000Tests.swift */,
				EA4F68831A5F9B88000C08EB /* ChickenatorTests.swift */,
				EA4F68851A5F9B97000C08EB /* FeatherTests.swift */,
				EA4F68871A5F9BC6000C08EB /* GameSceneTests.swift */,
				EA4F68891A5F9BD2000C08EB /* TrainingTests.swift */,
				EA9567201A6548AA006AF7B6 /* WeaponTests.swift */,
			);
			path = OfficerBumbleTests;
			sourceTree = "<group>";
		};
		EA9184891A1F7378004FA608 /* Supporting Files */ = {
			isa = PBXGroup;
			children = (
				EA91848A1A1F7378004FA608 /* Info.plist */,
			);
			name = "Supporting Files";
			sourceTree = "<group>";
		};
		EA9811571A37A5BD000A80D9 /* Entities */ = {
			isa = PBXGroup;
			children = (
				EA9811581A37A5CF000A80D9 /* Treadmill.swift */,
				EA9811601A38A016000A80D9 /* Popup.swift */,
				EA334EE01A3B195900E4D7E6 /* Bumble.swift */,
				EA334EE21A3B1BD000E4D7E6 /* Robothrower2000.swift */,
				EA3B423F1A3E89B100C7077E /* Weapon.swift */,
				EA3B42411A3E8A2400C7077E /* BowlingBall.swift */,
				EA41DBE71A41031C00D05B5F /* GameButton.swift */,
				EA0DEB241A43B81E009B1918 /* Pie.swift */,
				EAE8DDE51A4449ED00DB71B1 /* Chickenator.swift */,
				EA1A6B281A466BEF00AC7247 /* TypeExtensions.swift */,
				EA6939BD1A4A64EA009020D6 /* Feather.swift */,
				EA6D92301A6630570067D421 /* ToggleButton.swift */,
				EA1E65C91A743C2A008BC840 /* Escalator.swift */,
				EA3234E71A75C13D00745D63 /* HUDManager.swift */,
				EAAA47EE1A77BB8C00574ED6 /* Criminal.swift */,
				EAEE36B51A819B1200279D85 /* Toast.swift */,
				EAEE36B71A824EDA00279D85 /* Exit.swift */,
			);
			name = Entities;
			sourceTree = "<group>";
		};
		EABA5ACD1A2544CC0001A82A /* scenes */ = {
			isa = PBXGroup;
			children = (
				EA1710F51A8DACCC0078602A /* nextbadge.xml */,
				EA457F4B1A2F3C0900298EE3 /* unittests */,
				EABA5ACE1A2544ED0001A82A /* splashscreen.xml */,
				EA98114D1A377D67000A80D9 /* titlescreen.xml */,
				EA9811511A379072000A80D9 /* training.xml */,
				EA868B4F1A7122B600AE10AE /* shoppingmall.xml */,
				EA12AF081A8309FB0038DAE4 /* gameoverscreen.xml */,
				EA1840B71A8A439C00D2E3EC /* nextlife.xml */,
				EA1710F91A8E2D660078602A /* badgeawarded.xml */,
				EA8CF9C41A8FAAAF0068EDA1 /* facebookinvite.xml */,
				EA1C387F1A92543600AE4D86 /* leaderboard.xml */,
				EAF514761A9E948C003EC45E /* casino.xml */,
				EA2743101AA0A418007D2021 /* museum.xml */,
				EA2743121AA0A447007D2021 /* bank.xml */,
			);
			name = scenes;
			sourceTree = "<group>";
		};
		EAF043EF1A54633B006DE85D /* Protocols */ = {
			isa = PBXGroup;
			children = (
				EAEDA1751A58A3B800CBC6FB /* PhysicsHandler.swift */,
				EA0F79041A7FADDF00D51F3B /* Difficulty.swift */,
			);
			name = Protocols;
			sourceTree = "<group>";
		};
/* End PBXGroup section */

/* Begin PBXNativeTarget section */
		EA91846B1A1F7378004FA608 /* OfficerBumble */ = {
			isa = PBXNativeTarget;
			buildConfigurationList = EA91848F1A1F7379004FA608 /* Build configuration list for PBXNativeTarget "OfficerBumble" */;
			buildPhases = (
				AA9062A412FEB19579531C24 /* [CP] Check Pods Manifest.lock */,
				EA9184681A1F7378004FA608 /* Sources */,
				EA9184691A1F7378004FA608 /* Frameworks */,
				EA91846A1A1F7378004FA608 /* Resources */,
				96A6A9CFFE5A000E270D281A /* [CP] Embed Pods Frameworks */,
				1B9196C44192531447CFF9B0 /* [CP] Copy Pods Resources */,
			);
			buildRules = (
			);
			dependencies = (
			);
			name = OfficerBumble;
			productName = OfficerBumble;
			productReference = EA91846C1A1F7378004FA608 /* OfficerBumble.app */;
			productType = "com.apple.product-type.application";
		};
		EA9184841A1F7378004FA608 /* OfficerBumbleTests */ = {
			isa = PBXNativeTarget;
			buildConfigurationList = EA9184921A1F7379004FA608 /* Build configuration list for PBXNativeTarget "OfficerBumbleTests" */;
			buildPhases = (
				5393FB4A89ED37C3EBF374E8 /* [CP] Check Pods Manifest.lock */,
				EA9184811A1F7378004FA608 /* Sources */,
				EA9184821A1F7378004FA608 /* Frameworks */,
				EA9184831A1F7378004FA608 /* Resources */,
				F05670BC8F878173323A9912 /* [CP] Embed Pods Frameworks */,
				CE108D23905DA4D2F524FE43 /* [CP] Copy Pods Resources */,
			);
			buildRules = (
			);
			dependencies = (
				EA9184871A1F7378004FA608 /* PBXTargetDependency */,
			);
			name = OfficerBumbleTests;
			productName = OfficerBumbleTests;
			productReference = EA9184851A1F7378004FA608 /* OfficerBumbleTests.xctest */;
			productType = "com.apple.product-type.bundle.unit-test";
		};
/* End PBXNativeTarget section */

/* Begin PBXProject section */
		EA9184641A1F7378004FA608 /* Project object */ = {
			isa = PBXProject;
			attributes = {
				LastUpgradeCheck = 0810;
				ORGANIZATIONNAME = "Benjamin Pierce";
				TargetAttributes = {
					EA91846B1A1F7378004FA608 = {
						CreatedOnToolsVersion = 6.1;
						DevelopmentTeam = QHXN22X6LV;
						LastSwiftMigration = 0810;
						ProvisioningStyle = Automatic;
						SystemCapabilities = {
							com.apple.InAppPurchase = {
								enabled = 0;
							};
						};
					};
					EA9184841A1F7378004FA608 = {
						CreatedOnToolsVersion = 6.1;
						DevelopmentTeam = QHXN22X6LV;
						LastSwiftMigration = 0810;
						ProvisioningStyle = Automatic;
						TestTargetID = EA91846B1A1F7378004FA608;
					};
				};
			};
			buildConfigurationList = EA9184671A1F7378004FA608 /* Build configuration list for PBXProject "OfficerBumble" */;
			compatibilityVersion = "Xcode 3.2";
			developmentRegion = English;
			hasScannedForEncodings = 0;
			knownRegions = (
				en,
				Base,
				he,
			);
			mainGroup = EA9184631A1F7378004FA608;
			productRefGroup = EA91846D1A1F7378004FA608 /* Products */;
			projectDirPath = "";
			projectRoot = "";
			targets = (
				EA91846B1A1F7378004FA608 /* OfficerBumble */,
				EA9184841A1F7378004FA608 /* OfficerBumbleTests */,
			);
		};
/* End PBXProject section */

/* Begin PBXResourcesBuildPhase section */
		EA91846A1A1F7378004FA608 /* Resources */ = {
			isa = PBXResourcesBuildPhase;
			buildActionMask = 2147483647;
			files = (
				EA1E65C81A7437BB008BC840 /* levelcommon.atlas in Resources */,
				EA12AF0B1A830C830038DAE4 /* chiefsoffice.png in Resources */,
				EADD84401A29958400D6497D /* Main.storyboard in Resources */,
				EA17CE971A4054CD00F93BE8 /* heist.mp3 in Resources */,
				EA0DEB271A43BD96009B1918 /* bumble2.atlas in Resources */,
				EA17CE7C1A4054A200F93BE8 /* splat.wav in Resources */,
				EA1710F61A8DACCC0078602A /* nextbadge.xml in Resources */,
				EA91847D1A1F7378004FA608 /* Images.xcassets in Resources */,
				EA023B6A1A75AA9F00534F1A /* Default-Landscape~ipad.png in Resources */,
				EA1840B81A8A439C00D2E3EC /* nextlife.xml in Resources */,
				EA2743171AA0B224007D2021 /* bank.atlas in Resources */,
				EA17CE9C1A4054CD00F93BE8 /* robotthrow.wav in Resources */,
				EA3392A61A22C16E00A54F77 /* companylogo.png in Resources */,
				EA17CE911A4054CD00F93BE8 /* criminalescape.wav in Resources */,
				EA457F4D1A2F3C4B00298EE3 /* parenttest.xml in Resources */,
				EA17CE991A4054CD00F93BE8 /* laugh.wav in Resources */,
				EA023B6C1A75AAA900534F1A /* Default@2x.png in Resources */,
				EA3392AB1A22C1EE00A54F77 /* tools.atlas in Resources */,
				EA5E4A271A787013005DB3EA /* title43.png in Resources */,
				EA17CE941A4054CD00F93BE8 /* failure.wav in Resources */,
				EA17CE9A1A4054CD00F93BE8 /* promotion.wav in Resources */,
				EA3392A91A22C18400A54F77 /* badguys.mp3 in Resources */,
				EA80BCF71A5E3873000B3A1D /* twentyonewide.xml in Resources */,
				EACF2AB31A2A37EC003DC326 /* nestedtest.xml in Resources */,
				EA023B661A75AA8B00534F1A /* Default-568h@2x.png in Resources */,
				EABA5ACF1A2544ED0001A82A /* splashscreen.xml in Resources */,
				EA334EDD1A3B18F000E4D7E6 /* bumble1.atlas in Resources */,
				EA17CE921A4054CD00F93BE8 /* duck.wav in Resources */,
				EA8CF9C51A8FAAAF0068EDA1 /* facebookinvite.xml in Resources */,
				EA80BCFB1A5E3AB7000B3A1D /* fourhigh.xml in Resources */,
				EA17CE961A4054CD00F93BE8 /* headshake.wav in Resources */,
				EA5E4A261A787013005DB3EA /* holodeck43.png in Resources */,
				EA71003E1A70A99000DEABEF /* shoppingmall.atlas in Resources */,
				EA17CEA01A4054CD00F93BE8 /* yikes.wav in Resources */,
				EA80BCF91A5E397D000B3A1D /* threehigh.xml in Resources */,
				EA98114E1A377D67000A80D9 /* titlescreen.xml in Resources */,
				EA868B501A7122B600AE10AE /* shoppingmall.xml in Resources */,
				EA17CE9B1A4054CD00F93BE8 /* robotshoot.wav in Resources */,
				EA2743111AA0A418007D2021 /* museum.xml in Resources */,
				EA12AF091A8309FB0038DAE4 /* gameoverscreen.xml in Resources */,
				EA0C3EB01A786710001DCDBF /* tornado.atlas in Resources */,
				EA12AF181A8316560038DAE4 /* tools2.atlas in Resources */,
				EA17CE8F1A4054CD00F93BE8 /* bowling.wav in Resources */,
				EA17CE901A4054CD00F93BE8 /* chicken.wav in Resources */,
				EA17CE931A4054CD00F93BE8 /* escalator.wav in Resources */,
				EA1C38801A92543600AE4D86 /* leaderboard.xml in Resources */,
				EA0485661A5E2E1A004A8BDF /* threewide.xml in Resources */,
				EA457F4F1A2F3E1E00298EE3 /* siblingtest.xml in Resources */,
				EA3392A11A2001E500A54F77 /* title.png in Resources */,
				EA17CE9F1A4054CD00F93BE8 /* wink.wav in Resources */,
				EA334EDF1A3B190400E4D7E6 /* criminal1.atlas in Resources */,
				EA17CE951A4054CD00F93BE8 /* freeman.wav in Resources */,
				EA023B681A75AA9500534F1A /* Default-Landscape@2x~ipad.png in Resources */,
				EA0485641A5E2DC1004A8BDF /* casino.atlas in Resources */,
				EA2743151AA0AE0B007D2021 /* museum.atlas in Resources */,
				EA98115D1A37B7F2000A80D9 /* button.wav in Resources */,
				EA17CE9E1A4054CD00F93BE8 /* secondwind.wav in Resources */,
				EA17CE9D1A4054CD00F93BE8 /* scramble.wav in Resources */,
				EA2743131AA0A447007D2021 /* bank.xml in Resources */,
				EAF514771A9E948C003EC45E /* casino.xml in Resources */,
				EA1710FA1A8E2D660078602A /* badgeawarded.xml in Resources */,
				EA5E4A251A787013005DB3EA /* chiefsoffice43.png in Resources */,
				EA8979C71A78B8A10072ABAB /* criminal2.atlas in Resources */,
				EA17CE981A4054CD00F93BE8 /* jump.wav in Resources */,
				EA9811561A37A57F000A80D9 /* training.atlas in Resources */,
				EA9811521A379072000A80D9 /* training.xml in Resources */,
				EA9811541A3790E4000A80D9 /* holodeck.png in Resources */,
			);
			runOnlyForDeploymentPostprocessing = 0;
		};
		EA9184831A1F7378004FA608 /* Resources */ = {
			isa = PBXResourcesBuildPhase;
			buildActionMask = 2147483647;
			files = (
			);
			runOnlyForDeploymentPostprocessing = 0;
		};
/* End PBXResourcesBuildPhase section */

/* Begin PBXShellScriptBuildPhase section */
		1B9196C44192531447CFF9B0 /* [CP] Copy Pods Resources */ = {
			isa = PBXShellScriptBuildPhase;
			buildActionMask = 2147483647;
			files = (
			);
			inputPaths = (
			);
			name = "[CP] Copy Pods Resources";
			outputPaths = (
			);
			runOnlyForDeploymentPostprocessing = 0;
			shellPath = /bin/sh;
			shellScript = "\"${SRCROOT}/Pods/Target Support Files/Pods-OfficerBumble/Pods-OfficerBumble-resources.sh\"\n";
			showEnvVarsInLog = 0;
		};
		5393FB4A89ED37C3EBF374E8 /* [CP] Check Pods Manifest.lock */ = {
			isa = PBXShellScriptBuildPhase;
			buildActionMask = 2147483647;
			files = (
			);
			inputPaths = (
			);
			name = "[CP] Check Pods Manifest.lock";
			outputPaths = (
			);
			runOnlyForDeploymentPostprocessing = 0;
			shellPath = /bin/sh;
			shellScript = "diff \"${PODS_ROOT}/../Podfile.lock\" \"${PODS_ROOT}/Manifest.lock\" > /dev/null\nif [ $? != 0 ] ; then\n    # print error to STDERR\n    echo \"error: The sandbox is not in sync with the Podfile.lock. Run 'pod install' or update your CocoaPods installation.\" >&2\n    exit 1\nfi\n";
			showEnvVarsInLog = 0;
		};
		96A6A9CFFE5A000E270D281A /* [CP] Embed Pods Frameworks */ = {
			isa = PBXShellScriptBuildPhase;
			buildActionMask = 2147483647;
			files = (
			);
			inputPaths = (
			);
			name = "[CP] Embed Pods Frameworks";
			outputPaths = (
			);
			runOnlyForDeploymentPostprocessing = 0;
			shellPath = /bin/sh;
			shellScript = "\"${SRCROOT}/Pods/Target Support Files/Pods-OfficerBumble/Pods-OfficerBumble-frameworks.sh\"\n";
			showEnvVarsInLog = 0;
		};
		AA9062A412FEB19579531C24 /* [CP] Check Pods Manifest.lock */ = {
			isa = PBXShellScriptBuildPhase;
			buildActionMask = 2147483647;
			files = (
			);
			inputPaths = (
			);
			name = "[CP] Check Pods Manifest.lock";
			outputPaths = (
			);
			runOnlyForDeploymentPostprocessing = 0;
			shellPath = /bin/sh;
			shellScript = "diff \"${PODS_ROOT}/../Podfile.lock\" \"${PODS_ROOT}/Manifest.lock\" > /dev/null\nif [ $? != 0 ] ; then\n    # print error to STDERR\n    echo \"error: The sandbox is not in sync with the Podfile.lock. Run 'pod install' or update your CocoaPods installation.\" >&2\n    exit 1\nfi\n";
			showEnvVarsInLog = 0;
		};
		CE108D23905DA4D2F524FE43 /* [CP] Copy Pods Resources */ = {
			isa = PBXShellScriptBuildPhase;
			buildActionMask = 2147483647;
			files = (
			);
			inputPaths = (
			);
			name = "[CP] Copy Pods Resources";
			outputPaths = (
			);
			runOnlyForDeploymentPostprocessing = 0;
			shellPath = /bin/sh;
			shellScript = "\"${SRCROOT}/Pods/Target Support Files/Pods-OfficerBumbleTests/Pods-OfficerBumbleTests-resources.sh\"\n";
			showEnvVarsInLog = 0;
		};
		F05670BC8F878173323A9912 /* [CP] Embed Pods Frameworks */ = {
			isa = PBXShellScriptBuildPhase;
			buildActionMask = 2147483647;
			files = (
			);
			inputPaths = (
			);
			name = "[CP] Embed Pods Frameworks";
			outputPaths = (
			);
			runOnlyForDeploymentPostprocessing = 0;
			shellPath = /bin/sh;
			shellScript = "\"${SRCROOT}/Pods/Target Support Files/Pods-OfficerBumbleTests/Pods-OfficerBumbleTests-frameworks.sh\"\n";
			showEnvVarsInLog = 0;
		};
/* End PBXShellScriptBuildPhase section */

/* Begin PBXSourcesBuildPhase section */
		EA9184681A1F7378004FA608 /* Sources */ = {
			isa = PBXSourcesBuildPhase;
			buildActionMask = 2147483647;
			files = (
				EA334EE11A3B195900E4D7E6 /* Bumble.swift in Sources */,
				EA3B42401A3E89B100C7077E /* Weapon.swift in Sources */,
				EA9811591A37A5CF000A80D9 /* Treadmill.swift in Sources */,
				EAEDA1741A58A11E00CBC6FB /* PhysicsManager.swift in Sources */,
				EA1710F81A8DAD0C0078602A /* NextBadgeScreen.swift in Sources */,
				EA0FFAB51A912B9A00856AC2 /* LeaderboardServices.swift in Sources */,
				EAAA47EF1A77BB8C00574ED6 /* Criminal.swift in Sources */,
				EA8979C51A7893860072ABAB /* AttackPatternGenerator.swift in Sources */,
				EA0F79081A7FB18C00D51F3B /* Easy.swift in Sources */,
				EA3234E81A75C13D00745D63 /* HUDManager.swift in Sources */,
				EA5EC6DE1AAB636600F9B930 /* TextureManager.swift in Sources */,
				EA9811611A38A016000A80D9 /* Popup.swift in Sources */,
				EA8CF9C11A8FA3BC0068EDA1 /* BadgeAwardedScreen.swift in Sources */,
				EA1DDE711A23F11400D5557D /* Display.swift in Sources */,
				EA41DBE81A41031C00D05B5F /* GameButton.swift in Sources */,
				EA0F790E1A7FC0C200D51F3B /* Hardcore.swift in Sources */,
				EA6D92311A6630570067D421 /* ToggleButton.swift in Sources */,
				EA8CF9C71A8FAAEA0068EDA1 /* FacebookInviteScreen.swift in Sources */,
				EA1099381A80FB5700563D84 /* GameStateManager.swift in Sources */,
				EAE8DDE61A4449ED00DB71B1 /* Chickenator.swift in Sources */,
				EAEDA1761A58A3B800CBC6FB /* PhysicsHandler.swift in Sources */,
				EA3392A41A22B57800A54F77 /* SplashScreen.swift in Sources */,
				EAEE36B61A819B1200279D85 /* Toast.swift in Sources */,
				EA1C387E1A924F7400AE4D86 /* LeaderboardScreen.swift in Sources */,
				EA0F79051A7FADDF00D51F3B /* Difficulty.swift in Sources */,
				EA0FFAB31A91253800856AC2 /* LeaderboardData.swift in Sources */,
				EA334EE31A3B1BD000E4D7E6 /* Robothrower2000.swift in Sources */,
				EA1DDE771A24341900D5557D /* SceneLoader.swift in Sources */,
				EAF043F31A547CD1006DE85D /* GameScene.swift in Sources */,
				EA1A6B291A466BEF00AC7247 /* TypeExtensions.swift in Sources */,
				EA9184761A1F7378004FA608 /* TitleScreen.swift in Sources */,
				EA1E65CA1A743C2A008BC840 /* Escalator.swift in Sources */,
				EAEE36B81A824EDA00279D85 /* Exit.swift in Sources */,
				EA868B521A7128FD00AE10AE /* LevelScreen.swift in Sources */,
				EA0FFAB71A912C0000856AC2 /* GameSharedPreferences.swift in Sources */,
				EA0DEB251A43B81E009B1918 /* Pie.swift in Sources */,
				EA0F790A1A7FBC9E00D51F3B /* Normal.swift in Sources */,
				EA1840BA1A8A43C600D2E3EC /* NextLifeScreen.swift in Sources */,
				EADD84421A2A369D00D6497D /* Stack.swift in Sources */,
				EAE983681A8B872900A29CBA /* BadgeManager.swift in Sources */,
				EA9184781A1F7378004FA608 /* GameViewController.swift in Sources */,
				EA98115F1A37BE27000A80D9 /* MultiLineTextLabel.swift in Sources */,
				EA0F790C1A7FBF0E00D51F3B /* Hard.swift in Sources */,
				EA3B42421A3E8A2400C7077E /* BowlingBall.swift in Sources */,
				EA9184721A1F7378004FA608 /* AppDelegate.swift in Sources */,
				EA9811501A379032000A80D9 /* Training.swift in Sources */,
				EAF043EE1A545DF4006DE85D /* InputManager.swift in Sources */,
				EA6939BE1A4A64EA009020D6 /* Feather.swift in Sources */,
				EA98115B1A37B629000A80D9 /* SoundManager.swift in Sources */,
				EA12AF071A8308CC0038DAE4 /* GameOverScreen.swift in Sources */,
				EA17CEA21A405B8B00F93BE8 /* Enums.swift in Sources */,
				EA1DDE751A242E4F00D5557D /* Margin.swift in Sources */,
			);
			runOnlyForDeploymentPostprocessing = 0;
		};
		EA9184811A1F7378004FA608 /* Sources */ = {
			isa = PBXSourcesBuildPhase;
			buildActionMask = 2147483647;
			files = (
				EA80BCFD1A5E47EC000B3A1D /* InputManagerTests.swift in Sources */,
				EA80BCFF1A5E4AA2000B3A1D /* PhysicsManagerTests.swift in Sources */,
				EA4F68881A5F9BC6000C08EB /* GameSceneTests.swift in Sources */,
				EA4F68801A5F9B5E000C08EB /* PopupTests.swift in Sources */,
				EABA5AD11A25474A0001A82A /* SceneLoaderTests.swift in Sources */,
				EA9567211A6548AA006AF7B6 /* WeaponTests.swift in Sources */,
				EA1DDE731A2417E800D5557D /* DisplayTests.swift in Sources */,
				EA4F68821A5F9B6F000C08EB /* Robothrower2000Tests.swift in Sources */,
				EA4F687E1A5F9309000C08EB /* BumbleTests.swift in Sources */,
				EA4F68861A5F9B97000C08EB /* FeatherTests.swift in Sources */,
				EA4F688A1A5F9BD2000C08EB /* TrainingTests.swift in Sources */,
				EA4F68841A5F9B88000C08EB /* ChickenatorTests.swift in Sources */,
			);
			runOnlyForDeploymentPostprocessing = 0;
		};
/* End PBXSourcesBuildPhase section */

/* Begin PBXTargetDependency section */
		EA9184871A1F7378004FA608 /* PBXTargetDependency */ = {
			isa = PBXTargetDependency;
			target = EA91846B1A1F7378004FA608 /* OfficerBumble */;
			targetProxy = EA9184861A1F7378004FA608 /* PBXContainerItemProxy */;
		};
/* End PBXTargetDependency section */

/* Begin XCBuildConfiguration section */
		EA91848D1A1F7379004FA608 /* Debug */ = {
			isa = XCBuildConfiguration;
			buildSettings = {
				ALWAYS_SEARCH_USER_PATHS = NO;
				CLANG_ANALYZER_LOCALIZABILITY_NONLOCALIZED = YES;
				CLANG_CXX_LANGUAGE_STANDARD = "gnu++0x";
				CLANG_CXX_LIBRARY = "libc++";
				CLANG_ENABLE_MODULES = YES;
				CLANG_ENABLE_OBJC_ARC = YES;
				CLANG_WARN_BOOL_CONVERSION = YES;
				CLANG_WARN_CONSTANT_CONVERSION = YES;
				CLANG_WARN_DIRECT_OBJC_ISA_USAGE = YES_ERROR;
				CLANG_WARN_EMPTY_BODY = YES;
				CLANG_WARN_ENUM_CONVERSION = YES;
				CLANG_WARN_INFINITE_RECURSION = YES;
				CLANG_WARN_INT_CONVERSION = YES;
				CLANG_WARN_OBJC_ROOT_CLASS = YES_ERROR;
				CLANG_WARN_SUSPICIOUS_MOVE = YES;
				CLANG_WARN_UNREACHABLE_CODE = YES;
				CLANG_WARN__DUPLICATE_METHOD_MATCH = YES;
				"CODE_SIGN_IDENTITY[sdk=iphoneos*]" = "iPhone Developer";
				COPY_PHASE_STRIP = NO;
				ENABLE_STRICT_OBJC_MSGSEND = YES;
				ENABLE_TESTABILITY = YES;
				GCC_C_LANGUAGE_STANDARD = gnu99;
				GCC_DYNAMIC_NO_PIC = NO;
				GCC_NO_COMMON_BLOCKS = YES;
				GCC_OPTIMIZATION_LEVEL = 0;
				GCC_PREPROCESSOR_DEFINITIONS = (
					"DEBUG=1",
					"$(inherited)",
				);
				GCC_SYMBOLS_PRIVATE_EXTERN = NO;
				GCC_WARN_64_TO_32_BIT_CONVERSION = YES;
				GCC_WARN_ABOUT_RETURN_TYPE = YES_ERROR;
				GCC_WARN_UNDECLARED_SELECTOR = YES;
				GCC_WARN_UNINITIALIZED_AUTOS = YES_AGGRESSIVE;
				GCC_WARN_UNUSED_FUNCTION = YES;
				GCC_WARN_UNUSED_VARIABLE = YES;
				IPHONEOS_DEPLOYMENT_TARGET = 9.0;
				MTL_ENABLE_DEBUG_INFO = YES;
				ONLY_ACTIVE_ARCH = YES;
				SDKROOT = iphoneos;
				SWIFT_OBJC_BRIDGING_HEADER = OfficerBumble_Bridging_Header.h;
				SWIFT_OPTIMIZATION_LEVEL = "-Onone";
				TARGETED_DEVICE_FAMILY = "1,2";
			};
			name = Debug;
		};
		EA91848E1A1F7379004FA608 /* Release */ = {
			isa = XCBuildConfiguration;
			buildSettings = {
				ALWAYS_SEARCH_USER_PATHS = NO;
				CLANG_ANALYZER_LOCALIZABILITY_NONLOCALIZED = YES;
				CLANG_CXX_LANGUAGE_STANDARD = "gnu++0x";
				CLANG_CXX_LIBRARY = "libc++";
				CLANG_ENABLE_MODULES = YES;
				CLANG_ENABLE_OBJC_ARC = YES;
				CLANG_WARN_BOOL_CONVERSION = YES;
				CLANG_WARN_CONSTANT_CONVERSION = YES;
				CLANG_WARN_DIRECT_OBJC_ISA_USAGE = YES_ERROR;
				CLANG_WARN_EMPTY_BODY = YES;
				CLANG_WARN_ENUM_CONVERSION = YES;
				CLANG_WARN_INFINITE_RECURSION = YES;
				CLANG_WARN_INT_CONVERSION = YES;
				CLANG_WARN_OBJC_ROOT_CLASS = YES_ERROR;
				CLANG_WARN_SUSPICIOUS_MOVE = YES;
				CLANG_WARN_UNREACHABLE_CODE = YES;
				CLANG_WARN__DUPLICATE_METHOD_MATCH = YES;
				CODE_SIGN_IDENTITY = "iPhone Distribution: Ben Pierce";
				"CODE_SIGN_IDENTITY[sdk=iphoneos*]" = "iPhone Distribution: Ben Pierce";
				COPY_PHASE_STRIP = YES;
				ENABLE_NS_ASSERTIONS = NO;
				ENABLE_STRICT_OBJC_MSGSEND = YES;
				GCC_C_LANGUAGE_STANDARD = gnu99;
				GCC_NO_COMMON_BLOCKS = YES;
				GCC_WARN_64_TO_32_BIT_CONVERSION = YES;
				GCC_WARN_ABOUT_RETURN_TYPE = YES_ERROR;
				GCC_WARN_UNDECLARED_SELECTOR = YES;
				GCC_WARN_UNINITIALIZED_AUTOS = YES_AGGRESSIVE;
				GCC_WARN_UNUSED_FUNCTION = YES;
				GCC_WARN_UNUSED_VARIABLE = YES;
				IPHONEOS_DEPLOYMENT_TARGET = 9.0;
				MTL_ENABLE_DEBUG_INFO = NO;
				ONLY_ACTIVE_ARCH = YES;
				SDKROOT = iphoneos;
				SWIFT_DISABLE_SAFETY_CHECKS = YES;
				SWIFT_OBJC_BRIDGING_HEADER = OfficerBumble_Bridging_Header.h;
				SWIFT_OPTIMIZATION_LEVEL = "-Owholemodule";
				TARGETED_DEVICE_FAMILY = "1,2";
				VALIDATE_PRODUCT = YES;
			};
			name = Release;
		};
		EA9184901A1F7379004FA608 /* Debug */ = {
			isa = XCBuildConfiguration;
			baseConfigurationReference = C07E9AC3A6BF9648157AAFA1 /* Pods-OfficerBumble.debug.xcconfig */;
			buildSettings = {
				ASSETCATALOG_COMPILER_APPICON_NAME = AppIcon;
				CODE_SIGN_IDENTITY = "iPhone Developer: Ben Pierce (YXEDQ3ZGC7)";
				"CODE_SIGN_IDENTITY[sdk=iphoneos*]" = "iPhone Developer";
				DEFINES_MODULE = YES;
				DEVELOPMENT_TEAM = QHXN22X6LV;
				INFOPLIST_FILE = OfficerBumble/Info.plist;
				IPHONEOS_DEPLOYMENT_TARGET = 9.0;
				PRODUCT_BUNDLE_IDENTIFIER = "com.officerbumble.$(PRODUCT_NAME:rfc1034identifier)";
				PRODUCT_NAME = "$(TARGET_NAME)";
				PROVISIONING_PROFILE = "";
				PROVISIONING_PROFILE_SPECIFIER = "";
				SCAN_ALL_SOURCE_FILES_FOR_INCLUDES = NO;
				STRIP_INSTALLED_PRODUCT = YES;
				SWIFT_OBJC_BRIDGING_HEADER = "";
				SWIFT_VERSION = 3.0;
				TARGETED_DEVICE_FAMILY = "1,2";
			};
			name = Debug;
		};
		EA9184911A1F7379004FA608 /* Release */ = {
			isa = XCBuildConfiguration;
			baseConfigurationReference = EC51C3465172D2E627A1FEBA /* Pods-OfficerBumble.release.xcconfig */;
			buildSettings = {
				ASSETCATALOG_COMPILER_APPICON_NAME = AppIcon;
				CODE_SIGN_IDENTITY = "iPhone Distribution: Ben Pierce";
				"CODE_SIGN_IDENTITY[sdk=iphoneos*]" = "iPhone Developer";
				DEFINES_MODULE = YES;
				DEVELOPMENT_TEAM = QHXN22X6LV;
				INFOPLIST_FILE = OfficerBumble/Info.plist;
				IPHONEOS_DEPLOYMENT_TARGET = 9.0;
				MTL_ENABLE_DEBUG_INFO = YES;
				PRODUCT_BUNDLE_IDENTIFIER = "com.officerbumble.$(PRODUCT_NAME:rfc1034identifier)";
				PRODUCT_NAME = "$(TARGET_NAME)";
				PROVISIONING_PROFILE = "";
				PROVISIONING_PROFILE_SPECIFIER = "";
				SCAN_ALL_SOURCE_FILES_FOR_INCLUDES = NO;
				STRIP_INSTALLED_PRODUCT = YES;
				SWIFT_OBJC_BRIDGING_HEADER = "";
				SWIFT_VERSION = 3.0;
				TARGETED_DEVICE_FAMILY = "1,2";
			};
			name = Release;
		};
		EA9184931A1F7379004FA608 /* Debug */ = {
			isa = XCBuildConfiguration;
			baseConfigurationReference = 33F1FE8A41E8E54FE1D1CBA1 /* Pods-OfficerBumbleTests.debug.xcconfig */;
			buildSettings = {
				BUNDLE_LOADER = "$(TEST_HOST)";
				"CODE_SIGN_IDENTITY[sdk=iphoneos*]" = "iPhone Developer";
				DEVELOPMENT_TEAM = QHXN22X6LV;
				FRAMEWORK_SEARCH_PATHS = (
					"$(SDKROOT)/Developer/Library/Frameworks",
					"$(inherited)",
					"/Users/benpierce/Downloads/GoogleMobileAdsSdkiOS-7.0.0",
					"$(PROJECT_DIR)/OfficerBumble/FacebookSDK",
				);
				GCC_PREPROCESSOR_DEFINITIONS = (
					"DEBUG=1",
					"$(inherited)",
				);
				INFOPLIST_FILE = OfficerBumbleTests/Info.plist;
				LD_RUNPATH_SEARCH_PATHS = "$(inherited) @executable_path/Frameworks @loader_path/Frameworks";
				PRODUCT_BUNDLE_IDENTIFIER = "com.officerbumble.$(PRODUCT_NAME:rfc1034identifier)";
				PRODUCT_NAME = "$(TARGET_NAME)";
				SWIFT_OBJC_BRIDGING_HEADER = "";
				SWIFT_VERSION = 3.0;
				TEST_HOST = "$(BUILT_PRODUCTS_DIR)/OfficerBumble.app/OfficerBumble";
			};
			name = Debug;
		};
		EA9184941A1F7379004FA608 /* Release */ = {
			isa = XCBuildConfiguration;
			baseConfigurationReference = 6BC705A7DBA0033D59AF2451 /* Pods-OfficerBumbleTests.release.xcconfig */;
			buildSettings = {
				BUNDLE_LOADER = "$(TEST_HOST)";
				"CODE_SIGN_IDENTITY[sdk=iphoneos*]" = "iPhone Developer";
				DEVELOPMENT_TEAM = QHXN22X6LV;
				FRAMEWORK_SEARCH_PATHS = (
					"$(SDKROOT)/Developer/Library/Frameworks",
					"$(inherited)",
					"/Users/benpierce/Downloads/GoogleMobileAdsSdkiOS-7.0.0",
					"$(PROJECT_DIR)/OfficerBumble/FacebookSDK",
				);
				INFOPLIST_FILE = OfficerBumbleTests/Info.plist;
				LD_RUNPATH_SEARCH_PATHS = "$(inherited) @executable_path/Frameworks @loader_path/Frameworks";
				PRODUCT_BUNDLE_IDENTIFIER = "com.officerbumble.$(PRODUCT_NAME:rfc1034identifier)";
				PRODUCT_NAME = "$(TARGET_NAME)";
				SWIFT_OBJC_BRIDGING_HEADER = "";
				SWIFT_VERSION = 3.0;
				TEST_HOST = "$(BUILT_PRODUCTS_DIR)/OfficerBumble.app/OfficerBumble";
			};
			name = Release;
		};
/* End XCBuildConfiguration section */

/* Begin XCConfigurationList section */
		EA9184671A1F7378004FA608 /* Build configuration list for PBXProject "OfficerBumble" */ = {
			isa = XCConfigurationList;
			buildConfigurations = (
				EA91848D1A1F7379004FA608 /* Debug */,
				EA91848E1A1F7379004FA608 /* Release */,
			);
			defaultConfigurationIsVisible = 0;
			defaultConfigurationName = Debug;
		};
		EA91848F1A1F7379004FA608 /* Build configuration list for PBXNativeTarget "OfficerBumble" */ = {
			isa = XCConfigurationList;
			buildConfigurations = (
				EA9184901A1F7379004FA608 /* Debug */,
				EA9184911A1F7379004FA608 /* Release */,
			);
			defaultConfigurationIsVisible = 0;
			defaultConfigurationName = Debug;
		};
		EA9184921A1F7379004FA608 /* Build configuration list for PBXNativeTarget "OfficerBumbleTests" */ = {
			isa = XCConfigurationList;
			buildConfigurations = (
				EA9184931A1F7379004FA608 /* Debug */,
				EA9184941A1F7379004FA608 /* Release */,
			);
			defaultConfigurationIsVisible = 0;
			defaultConfigurationName = Debug;
		};
/* End XCConfigurationList section */
	};
	rootObject = EA9184641A1F7378004FA608 /* Project object */;
}
